# This file is automatically @generated by Cargo.
# It is not intended for manual editing.
version = 3

[[package]]
name = "aho-corasick"
version = "0.7.18"
source = "registry+https://github.com/rust-lang/crates.io-index"
checksum = "1e37cfd5e7657ada45f742d6e99ca5788580b5c529dc78faf11ece6dc702656f"
dependencies = [
 "memchr",
]

[[package]]
name = "ansi_term"
version = "0.12.1"
source = "registry+https://github.com/rust-lang/crates.io-index"
checksum = "d52a9bb7ec0cf484c551830a7ce27bd20d67eac647e1befb56b0be4ee39a55d2"
dependencies = [
 "winapi",
]

[[package]]
name = "anyhow"
version = "1.0.57"
source = "registry+https://github.com/rust-lang/crates.io-index"
checksum = "08f9b8508dccb7687a1d6c4ce66b2b0ecef467c94667de27d8d7fe1f8d2a9cdc"

[[package]]
name = "arrayvec"
version = "0.7.2"
source = "registry+https://github.com/rust-lang/crates.io-index"
checksum = "8da52d66c7071e2e3fa2a1e5c6d088fec47b593032b254f5e980de8ea54454d6"

[[package]]
name = "associative-cache"
version = "1.0.1"
source = "registry+https://github.com/rust-lang/crates.io-index"
checksum = "46016233fc1bb55c23b856fe556b7db6ccd05119a0a392e04f0b3b7c79058f16"

[[package]]
name = "atty"
version = "0.2.14"
source = "registry+https://github.com/rust-lang/crates.io-index"
checksum = "d9b39be18770d11421cdb1b9947a45dd3f37e93092cbf377614828a319d5fee8"
dependencies = [
 "hermit-abi",
 "libc",
 "winapi",
]

[[package]]
name = "autocfg"
version = "1.1.0"
source = "registry+https://github.com/rust-lang/crates.io-index"
checksum = "d468802bab17cbc0cc575e9b053f41e72aa36bfa6b7f55e3529ffa43161b97fa"

[[package]]
name = "bitflags"
version = "1.3.2"
source = "registry+https://github.com/rust-lang/crates.io-index"
checksum = "bef38d45163c2f1dde094a7dfd33ccf595c92905c8f8f4fdc18d06fb1037718a"

[[package]]
name = "block-buffer"
version = "0.10.3"
source = "registry+https://github.com/rust-lang/crates.io-index"
checksum = "69cce20737498f97b993470a6e536b8523f0af7892a4f928cceb1ac5e52ebe7e"
dependencies = [
 "generic-array",
]

[[package]]
name = "bstr"
version = "0.2.17"
source = "registry+https://github.com/rust-lang/crates.io-index"
checksum = "ba3569f383e8f1598449f1a423e72e99569137b47740b1da11ef19af3d5c3223"
dependencies = [
 "memchr",
]

[[package]]
name = "bumpalo"
version = "3.9.1"
source = "registry+https://github.com/rust-lang/crates.io-index"
checksum = "a4a45a46ab1f2412e53d3a0ade76ffad2025804294569aae387231a0cd6e0899"

[[package]]
name = "byteorder"
version = "1.4.3"
source = "registry+https://github.com/rust-lang/crates.io-index"
checksum = "14c189c53d098945499cdfa7ecc63567cf3886b3332b312a5b4585d8d3a6a610"

[[package]]
name = "bytes"
version = "1.1.0"
source = "registry+https://github.com/rust-lang/crates.io-index"
checksum = "c4872d67bab6358e59559027aa3b9157c53d9358c51423c17554809a8858e0f8"

[[package]]
name = "cairo-rs"
version = "0.16.3"
source = "registry+https://github.com/rust-lang/crates.io-index"
checksum = "247e1183fa769ac22121f92276dae52f89acaf297f24b1320019f439b6e3b46f"
dependencies = [
 "bitflags",
 "cairo-sys-rs",
 "glib",
 "libc",
 "once_cell",
 "thiserror",
]

[[package]]
name = "cairo-sys-rs"
version = "0.16.3"
source = "registry+https://github.com/rust-lang/crates.io-index"
checksum = "7c48f4af05fabdcfa9658178e1326efa061853f040ce7d72e33af6885196f421"
dependencies = [
 "glib-sys",
 "libc",
 "system-deps",
]

[[package]]
name = "cfg-expr"
version = "0.11.0"
source = "registry+https://github.com/rust-lang/crates.io-index"
checksum = "b0357a6402b295ca3a86bc148e84df46c02e41f41fef186bda662557ef6328aa"
dependencies = [
 "smallvec",
]

[[package]]
name = "cfg-if"
version = "1.0.0"
source = "registry+https://github.com/rust-lang/crates.io-index"
checksum = "baf1de4339761588bc0619e3cbc0120ee582ebb74b53b4efbf79117bd2da40fd"

[[package]]
name = "chrono"
version = "0.4.19"
source = "registry+https://github.com/rust-lang/crates.io-index"
checksum = "670ad68c9088c2a963aaa298cb369688cf3f9465ce5e2d4ca10e6e0098a1ce73"
dependencies = [
 "libc",
 "num-integer",
 "num-traits",
 "winapi",
]

[[package]]
name = "chrono-tz"
version = "0.6.1"
source = "registry+https://github.com/rust-lang/crates.io-index"
checksum = "58549f1842da3080ce63002102d5bc954c7bc843d4f47818e642abdc36253552"
dependencies = [
 "chrono",
 "chrono-tz-build",
 "phf",
]

[[package]]
name = "chrono-tz-build"
version = "0.0.2"
source = "registry+https://github.com/rust-lang/crates.io-index"
checksum = "db058d493fb2f65f41861bfed7e3fe6335264a9f0f92710cab5bdf01fef09069"
dependencies = [
 "parse-zoneinfo",
 "phf",
 "phf_codegen",
]

[[package]]
name = "clap"
version = "2.34.0"
source = "registry+https://github.com/rust-lang/crates.io-index"
checksum = "a0610544180c38b88101fecf2dd634b174a62eef6946f84dfc6a7127512b381c"
dependencies = [
 "ansi_term",
 "atty",
 "bitflags",
 "strsim",
 "textwrap",
 "unicode-width",
 "vec_map",
]

[[package]]
name = "combine"
version = "4.6.4"
source = "registry+https://github.com/rust-lang/crates.io-index"
checksum = "2a604e93b79d1808327a6fca85a6f2d69de66461e7620f5a4cbf5fb4d1d7c948"
dependencies = [
 "bytes",
 "memchr",
]

[[package]]
name = "console_error_panic_hook"
version = "0.1.7"
source = "registry+https://github.com/rust-lang/crates.io-index"
checksum = "a06aeb73f470f66dcdbf7223caeebb85984942f22f1adb2a088cf9668146bbbc"
dependencies = [
 "cfg-if",
 "wasm-bindgen",
]

[[package]]
name = "core-foundation"
version = "0.9.3"
source = "registry+https://github.com/rust-lang/crates.io-index"
checksum = "194a7a9e6de53fa55116934067c844d9d749312f75c6f6d0980e8c252f8c2146"
dependencies = [
 "core-foundation-sys",
 "libc",
]

[[package]]
name = "core-foundation-sys"
version = "0.8.3"
source = "registry+https://github.com/rust-lang/crates.io-index"
checksum = "5827cebf4670468b8772dd191856768aedcb1b0278a04f989f7766351917b9dc"

[[package]]
name = "core-graphics"
version = "0.22.3"
source = "registry+https://github.com/rust-lang/crates.io-index"
checksum = "2581bbab3b8ffc6fcbd550bf46c355135d16e9ff2a6ea032ad6b9bf1d7efe4fb"
dependencies = [
 "bitflags",
 "core-foundation",
 "core-graphics-types",
 "foreign-types",
 "libc",
]

[[package]]
name = "core-graphics-types"
version = "0.1.1"
source = "registry+https://github.com/rust-lang/crates.io-index"
checksum = "3a68b68b3446082644c91ac778bf50cd4104bfb002b5a6a7c44cca5a2c70788b"
dependencies = [
 "bitflags",
 "core-foundation",
 "foreign-types",
 "libc",
]

[[package]]
name = "core-text"
version = "19.2.0"
source = "registry+https://github.com/rust-lang/crates.io-index"
checksum = "99d74ada66e07c1cefa18f8abfba765b486f250de2e4a999e5727fc0dd4b4a25"
dependencies = [
 "core-foundation",
 "core-graphics",
 "foreign-types",
 "libc",
]

[[package]]
name = "cpufeatures"
version = "0.2.2"
source = "registry+https://github.com/rust-lang/crates.io-index"
checksum = "59a6001667ab124aebae2a495118e11d30984c3a653e99d86d58971708cf5e4b"
dependencies = [
 "libc",
]

[[package]]
name = "crossbeam-utils"
version = "0.8.8"
source = "registry+https://github.com/rust-lang/crates.io-index"
checksum = "0bf124c720b7686e3c2663cf54062ab0f68a88af2fb6a030e87e30bf721fcb38"
dependencies = [
 "cfg-if",
 "lazy_static",
]

[[package]]
name = "crypto-common"
version = "0.1.6"
source = "registry+https://github.com/rust-lang/crates.io-index"
checksum = "1bfb12502f3fc46cca1bb51ac28df9d618d813cdc3d2f25b9fe775a34af26bb3"
dependencies = [
 "generic-array",
 "typenum",
]

[[package]]
name = "deunicode"
version = "0.4.3"
source = "registry+https://github.com/rust-lang/crates.io-index"
checksum = "850878694b7933ca4c9569d30a34b55031b9b139ee1fc7b94a527c4ef960d690"

[[package]]
name = "digest"
version = "0.10.6"
source = "registry+https://github.com/rust-lang/crates.io-index"
checksum = "8168378f4e5023e7218c89c891c0fd8ecdb5e5e4f18cb78f38cf245dd021e76f"
dependencies = [
 "block-buffer",
 "crypto-common",
]

[[package]]
name = "dwrote"
version = "0.11.0"
source = "registry+https://github.com/rust-lang/crates.io-index"
checksum = "439a1c2ba5611ad3ed731280541d36d2e9c4ac5e7fb818a27b604bdc5a6aa65b"
dependencies = [
 "lazy_static",
 "libc",
 "winapi",
 "wio",
]

[[package]]
name = "either"
version = "1.6.1"
source = "registry+https://github.com/rust-lang/crates.io-index"
checksum = "e78d4f1cc4ae33bbfc157ed5d5a5ef3bc29227303d595861deb238fcec4e9457"

[[package]]
name = "error-chain"
version = "0.10.0"
source = "registry+https://github.com/rust-lang/crates.io-index"
checksum = "d9435d864e017c3c6afeac1654189b06cdb491cf2ff73dbf0d73b0f292f42ff8"

[[package]]
name = "filetime"
version = "0.2.20"
source = "registry+https://github.com/rust-lang/crates.io-index"
checksum = "8a3de6e8d11b22ff9edc6d916f890800597d60f8b2da1caf2955c274638d6412"
dependencies = [
 "cfg-if",
 "libc",
 "redox_syscall",
 "windows-sys",
]

[[package]]
name = "flexbuffers"
version = "2.0.0"
source = "registry+https://github.com/rust-lang/crates.io-index"
checksum = "15d14128f06405808ce75bfebe11e9b0f9da18719ede6d7bdb1702d6bfe0f7e8"
dependencies = [
 "bitflags",
 "byteorder",
 "num_enum",
 "serde",
 "serde_derive",
]

[[package]]
name = "fnv"
version = "1.0.7"
source = "registry+https://github.com/rust-lang/crates.io-index"
checksum = "3f9eec918d3f24069decb9af1554cad7c880e2da24a9afd88aca000531ab82c1"

[[package]]
name = "foreign-types"
version = "0.3.2"
source = "registry+https://github.com/rust-lang/crates.io-index"
checksum = "f6f339eb8adc052cd2ca78910fda869aefa38d22d5cb648e6485e4d3fc06f3b1"
dependencies = [
 "foreign-types-shared",
]

[[package]]
name = "foreign-types-shared"
version = "0.1.1"
source = "registry+https://github.com/rust-lang/crates.io-index"
checksum = "00b0228411908ca8685dba7fc2cdd70ec9990a6e753e89b6ac91a84c40fbaf4b"

[[package]]
name = "futures"
version = "0.3.21"
source = "registry+https://github.com/rust-lang/crates.io-index"
checksum = "f73fe65f54d1e12b726f517d3e2135ca3125a437b6d998caf1962961f7172d9e"
dependencies = [
 "futures-channel",
 "futures-core",
 "futures-executor",
 "futures-io",
 "futures-sink",
 "futures-task",
 "futures-util",
]

[[package]]
name = "futures-channel"
version = "0.3.21"
source = "registry+https://github.com/rust-lang/crates.io-index"
checksum = "c3083ce4b914124575708913bca19bfe887522d6e2e6d0952943f5eac4a74010"
dependencies = [
 "futures-core",
 "futures-sink",
]

[[package]]
name = "futures-core"
version = "0.3.21"
source = "registry+https://github.com/rust-lang/crates.io-index"
checksum = "0c09fd04b7e4073ac7156a9539b57a484a8ea920f79c7c675d05d289ab6110d3"

[[package]]
name = "futures-executor"
version = "0.3.21"
source = "registry+https://github.com/rust-lang/crates.io-index"
checksum = "9420b90cfa29e327d0429f19be13e7ddb68fa1cccb09d65e5706b8c7a749b8a6"
dependencies = [
 "futures-core",
 "futures-task",
 "futures-util",
]

[[package]]
name = "futures-io"
version = "0.3.21"
source = "registry+https://github.com/rust-lang/crates.io-index"
checksum = "fc4045962a5a5e935ee2fdedaa4e08284547402885ab326734432bed5d12966b"

[[package]]
name = "futures-macro"
version = "0.3.21"
source = "registry+https://github.com/rust-lang/crates.io-index"
checksum = "33c1e13800337f4d4d7a316bf45a567dbcb6ffe087f16424852d97e97a91f512"
dependencies = [
 "proc-macro2",
 "quote",
 "syn",
]

[[package]]
name = "futures-sink"
version = "0.3.21"
source = "registry+https://github.com/rust-lang/crates.io-index"
checksum = "21163e139fa306126e6eedaf49ecdb4588f939600f0b1e770f4205ee4b7fa868"

[[package]]
name = "futures-task"
version = "0.3.21"
source = "registry+https://github.com/rust-lang/crates.io-index"
checksum = "57c66a976bf5909d801bbef33416c41372779507e7a6b3a5e25e4749c58f776a"

[[package]]
name = "futures-util"
version = "0.3.21"
source = "registry+https://github.com/rust-lang/crates.io-index"
checksum = "d8b7abd5d659d9b90c8cba917f6ec750a74e2dc23902ef9cd4cc8c8b22e6036a"
dependencies = [
 "futures-channel",
 "futures-core",
 "futures-io",
 "futures-macro",
 "futures-sink",
 "futures-task",
 "memchr",
 "pin-project-lite",
 "pin-utils",
 "slab",
]

[[package]]
name = "generic-array"
version = "0.14.5"
source = "registry+https://github.com/rust-lang/crates.io-index"
checksum = "fd48d33ec7f05fbfa152300fdad764757cbded343c1aa1cff2fbaf4134851803"
dependencies = [
 "typenum",
 "version_check",
]

[[package]]
name = "getrandom"
version = "0.2.6"
source = "registry+https://github.com/rust-lang/crates.io-index"
checksum = "9be70c98951c83b8d2f8f60d7065fa6d5146873094452a1008da8c2f1e4205ad"
dependencies = [
 "cfg-if",
 "js-sys",
 "libc",
 "wasi",
 "wasm-bindgen",
]

[[package]]
name = "gio"
version = "0.16.6"
source = "registry+https://github.com/rust-lang/crates.io-index"
checksum = "e8fac6c15256cdf84beb9a4948f786f9605799ad69675ea1b8932753f3aa94cf"
dependencies = [
 "bitflags",
 "futures-channel",
 "futures-core",
 "futures-io",
 "futures-util",
 "gio-sys",
 "glib",
 "libc",
 "once_cell",
 "pin-project-lite",
 "smallvec",
 "thiserror",
]

[[package]]
name = "gio-sys"
version = "0.16.3"
source = "registry+https://github.com/rust-lang/crates.io-index"
checksum = "e9b693b8e39d042a95547fc258a7b07349b1f0b48f4b2fa3108ba3c51c0b5229"
dependencies = [
 "glib-sys",
 "gobject-sys",
 "libc",
 "system-deps",
 "winapi",
]

[[package]]
name = "glib"
version = "0.16.6"
source = "registry+https://github.com/rust-lang/crates.io-index"
checksum = "89359c8c338310b46300502814fc5a0350bb731ddfea03d0ec725d32163244b7"
dependencies = [
 "bitflags",
 "futures-channel",
 "futures-core",
 "futures-executor",
 "futures-task",
 "futures-util",
 "gio-sys",
 "glib-macros",
 "glib-sys",
 "gobject-sys",
 "libc",
 "once_cell",
 "smallvec",
 "thiserror",
]

[[package]]
name = "glib-macros"
version = "0.16.3"
source = "registry+https://github.com/rust-lang/crates.io-index"
checksum = "e084807350b01348b6d9dbabb724d1a0bb987f47a2c85de200e98e12e30733bf"
dependencies = [
 "anyhow",
 "heck",
 "proc-macro-crate",
 "proc-macro-error",
 "proc-macro2",
 "quote",
 "syn",
]

[[package]]
name = "glib-sys"
version = "0.16.3"
source = "registry+https://github.com/rust-lang/crates.io-index"
checksum = "c61a4f46316d06bfa33a7ac22df6f0524c8be58e3db2d9ca99ccb1f357b62a65"
dependencies = [
 "libc",
 "system-deps",
]

[[package]]
name = "glob"
version = "0.3.0"
source = "registry+https://github.com/rust-lang/crates.io-index"
checksum = "9b919933a397b79c37e33b77bb2aa3dc8eb6e165ad809e58ff75bc7db2e34574"

[[package]]
name = "globset"
version = "0.4.8"
source = "registry+https://github.com/rust-lang/crates.io-index"
checksum = "10463d9ff00a2a068db14231982f5132edebad0d7660cd956a1c30292dbcbfbd"
dependencies = [
 "aho-corasick",
 "bstr",
 "fnv",
 "log",
 "regex",
]

[[package]]
name = "globwalk"
version = "0.8.1"
source = "registry+https://github.com/rust-lang/crates.io-index"
checksum = "93e3af942408868f6934a7b85134a3230832b9977cf66125df2f9edcfce4ddcc"
dependencies = [
 "bitflags",
 "ignore",
 "walkdir",
]

[[package]]
name = "gobject-sys"
version = "0.16.3"
source = "registry+https://github.com/rust-lang/crates.io-index"
checksum = "3520bb9c07ae2a12c7f2fbb24d4efc11231c8146a86956413fb1a79bb760a0f1"
dependencies = [
 "glib-sys",
 "libc",
 "system-deps",
]

[[package]]
name = "hashbrown"
version = "0.11.2"
source = "registry+https://github.com/rust-lang/crates.io-index"
checksum = "ab5ef0d4909ef3724cc8cce6ccc8572c5c817592e9285f5464f8e86f8bd3726e"

[[package]]
name = "heck"
version = "0.4.0"
source = "registry+https://github.com/rust-lang/crates.io-index"
checksum = "2540771e65fc8cb83cd6e8a237f70c319bd5c29f78ed1084ba5d50eeac86f7f9"

[[package]]
name = "hermit-abi"
version = "0.1.19"
source = "registry+https://github.com/rust-lang/crates.io-index"
checksum = "62b467343b94ba476dcb2500d242dadbb39557df889310ac77c5d99100aaac33"
dependencies = [
 "libc",
]

[[package]]
name = "home"
version = "0.5.4"
source = "registry+https://github.com/rust-lang/crates.io-index"
checksum = "747309b4b440c06d57b0b25f2aee03ee9b5e5397d288c60e21fc709bb98a7408"
dependencies = [
 "winapi",
]

[[package]]
name = "humansize"
version = "1.1.1"
source = "registry+https://github.com/rust-lang/crates.io-index"
checksum = "02296996cb8796d7c6e3bc2d9211b7802812d36999a51bb754123ead7d37d026"

[[package]]
name = "ignore"
version = "0.4.18"
source = "registry+https://github.com/rust-lang/crates.io-index"
checksum = "713f1b139373f96a2e0ce3ac931cd01ee973c3c5dd7c40c0c2efe96ad2b6751d"
dependencies = [
 "crossbeam-utils",
 "globset",
 "lazy_static",
 "log",
 "memchr",
 "regex",
 "same-file",
 "thread_local",
 "walkdir",
 "winapi-util",
]

[[package]]
name = "include_dir"
version = "0.7.2"
source = "registry+https://github.com/rust-lang/crates.io-index"
checksum = "482a2e29200b7eed25d7fdbd14423326760b7f6658d21a4cf12d55a50713c69f"
dependencies = [
 "glob",
 "include_dir_macros",
]

[[package]]
name = "include_dir_macros"
version = "0.7.2"
source = "registry+https://github.com/rust-lang/crates.io-index"
checksum = "5e074c19deab2501407c91ba1860fa3d6820bfde307db6d8cb851b55a10be89b"
dependencies = [
 "proc-macro2",
 "quote",
]

[[package]]
name = "indexmap"
version = "1.8.1"
source = "registry+https://github.com/rust-lang/crates.io-index"
checksum = "0f647032dfaa1f8b6dc29bd3edb7bbef4861b8b8007ebb118d6db284fd59f6ee"
dependencies = [
 "autocfg",
 "hashbrown",
]

[[package]]
name = "itertools"
version = "0.10.5"
source = "registry+https://github.com/rust-lang/crates.io-index"
checksum = "b0fd2260e829bddf4cb6ea802289de2f86d6a7a690192fbe91b3f46e0f2c8473"
dependencies = [
 "either",
]

[[package]]
name = "itoa"
version = "1.0.1"
source = "registry+https://github.com/rust-lang/crates.io-index"
checksum = "1aab8fc367588b89dcee83ab0fd66b72b50b72fa1904d7095045ace2b0c81c35"

[[package]]
name = "itoap"
version = "1.0.1"
source = "registry+https://github.com/rust-lang/crates.io-index"
checksum = "9028f49264629065d057f340a86acb84867925865f73bbf8d47b4d149a7e88b8"

[[package]]
name = "js-sys"
version = "0.3.57"
source = "registry+https://github.com/rust-lang/crates.io-index"
checksum = "671a26f820db17c2a2750743f1dd03bafd15b98c9f30c7c2628c024c05d73397"
dependencies = [
 "wasm-bindgen",
]

[[package]]
name = "kurbo"
version = "0.9.0"
source = "registry+https://github.com/rust-lang/crates.io-index"
checksum = "e119590a03caff1f7a582e8ee8c2164ddcc975791701188132fd1d1b518d3871"
dependencies = [
 "arrayvec",
]

[[package]]
name = "lazy_static"
version = "1.4.0"
source = "registry+https://github.com/rust-lang/crates.io-index"
checksum = "e2abad23fbc42b3700f2f279844dc832adb2b2eb069b2df918f455c4e18cc646"

[[package]]
name = "libc"
version = "0.2.139"
source = "registry+https://github.com/rust-lang/crates.io-index"
checksum = "201de327520df007757c1f0adce6e827fe8562fbc28bfd9c15571c66ca1f5f79"

[[package]]
name = "log"
version = "0.4.17"
source = "registry+https://github.com/rust-lang/crates.io-index"
checksum = "abb12e687cfb44aa40f41fc3978ef76448f9b6038cad6aef4259d3c095a2382e"
dependencies = [
 "cfg-if",
]

[[package]]
name = "matches"
version = "0.1.9"
source = "registry+https://github.com/rust-lang/crates.io-index"
checksum = "a3e378b66a060d48947b590737b30a1be76706c8dd7b8ba0f2fe3989c68a853f"

[[package]]
name = "memchr"
version = "2.5.0"
source = "registry+https://github.com/rust-lang/crates.io-index"
checksum = "2dffe52ecf27772e601905b7522cb4ef790d2cc203488bbd0e2fe85fcb74566d"

[[package]]
name = "mut_static"
version = "5.0.0"
source = "registry+https://github.com/rust-lang/crates.io-index"
checksum = "248cd8eb389a4e3618bba47c9a171a4bbb271c29c07e03c4ff4ff74946336f66"
dependencies = [
 "error-chain",
]

[[package]]
name = "num-integer"
version = "0.1.45"
source = "registry+https://github.com/rust-lang/crates.io-index"
checksum = "225d3389fb3509a24c93f5c29eb6bde2586b98d9f016636dff58d7c6f7569cd9"
dependencies = [
 "autocfg",
 "num-traits",
]

[[package]]
name = "num-traits"
version = "0.2.15"
source = "registry+https://github.com/rust-lang/crates.io-index"
checksum = "578ede34cf02f8924ab9447f50c28075b4d3e5b269972345e7e0372b38c6cdcd"
dependencies = [
 "autocfg",
]

[[package]]
name = "num_enum"
version = "0.5.7"
source = "registry+https://github.com/rust-lang/crates.io-index"
checksum = "cf5395665662ef45796a4ff5486c5d41d29e0c09640af4c5f17fd94ee2c119c9"
dependencies = [
 "num_enum_derive",
]

[[package]]
name = "num_enum_derive"
version = "0.5.7"
source = "registry+https://github.com/rust-lang/crates.io-index"
checksum = "3b0498641e53dd6ac1a4f22547548caa6864cc4933784319cd1775271c5a46ce"
dependencies = [
 "proc-macro-crate",
 "proc-macro2",
 "quote",
 "syn",
]

[[package]]
name = "once_cell"
version = "1.10.0"
source = "registry+https://github.com/rust-lang/crates.io-index"
checksum = "87f3e037eac156d1775da914196f0f37741a274155e34a0b7e427c35d2a2ecb9"

[[package]]
name = "pango"
version = "0.16.5"
source = "registry+https://github.com/rust-lang/crates.io-index"
checksum = "cdff66b271861037b89d028656184059e03b0b6ccb36003820be19f7200b1e94"
dependencies = [
 "bitflags",
 "gio",
 "glib",
 "libc",
 "once_cell",
 "pango-sys",
]

[[package]]
name = "pango-sys"
version = "0.16.3"
source = "registry+https://github.com/rust-lang/crates.io-index"
checksum = "9e134909a9a293e04d2cc31928aa95679c5e4df954d0b85483159bd20d8f047f"
dependencies = [
 "glib-sys",
 "gobject-sys",
 "libc",
 "system-deps",
]

[[package]]
name = "pangocairo"
version = "0.16.3"
source = "registry+https://github.com/rust-lang/crates.io-index"
checksum = "16ad2ec87789371b551fd2367c10aa37060412ffd3e60abd99491b21b93a3f9b"
dependencies = [
 "bitflags",
 "cairo-rs",
 "glib",
 "libc",
 "pango",
 "pangocairo-sys",
]

[[package]]
name = "pangocairo-sys"
version = "0.16.3"
source = "registry+https://github.com/rust-lang/crates.io-index"
checksum = "848d2df9b7f1a8c7a19d994de443bcbe5d4382610ccb8e64247f932be74fcf76"
dependencies = [
 "cairo-sys-rs",
 "glib-sys",
 "libc",
 "pango-sys",
 "system-deps",
]

[[package]]
name = "parse-zoneinfo"
version = "0.3.0"
source = "registry+https://github.com/rust-lang/crates.io-index"
checksum = "c705f256449c60da65e11ff6626e0c16a0a0b96aaa348de61376b249bc340f41"
dependencies = [
 "regex",
]

[[package]]
name = "pax-cartridge"
version = "0.0.1"
dependencies = [
 "pax-core",
 "pax-properties-coproduct",
 "pax-runtime-api",
 "pax-std-primitives",
 "piet-common",
]

[[package]]
name = "pax-chassis-macos"
version = "0.0.1"
dependencies = [
 "core-graphics",
 "flexbuffers",
 "lazy_static",
 "mut_static",
 "pax-cartridge",
 "pax-core",
 "pax-message",
 "pax-properties-coproduct",
 "pax-runtime-api",
 "piet",
 "piet-coregraphics",
 "serde",
]

[[package]]
name = "pax-chassis-web"
version = "0.0.1"
dependencies = [
 "console_error_panic_hook",
 "pax-cartridge",
 "pax-core",
 "pax-message",
 "pax-properties-coproduct",
 "pax-runtime-api",
 "piet",
 "piet-web",
 "serde",
 "serde_json",
 "wasm-bindgen",
 "web-sys",
]

[[package]]
name = "pax-cli"
version = "0.1.0"
dependencies = [
 "clap",
 "pax-compiler",
]

[[package]]
name = "pax-compiler"
version = "0.0.1"
dependencies = [
 "console_error_panic_hook",
 "futures",
 "include_dir",
 "itertools",
 "lazy_static",
 "pax-message",
 "pest",
 "pest_derive",
 "portpicker",
 "rand",
 "serde",
 "serde_derive",
 "serde_json",
 "tera",
 "toml_edit",
 "uuid",
 "walkdir",
 "wasm-bindgen",
]

[[package]]
name = "pax-core"
version = "0.0.1"
dependencies = [
 "kurbo",
 "lazy_static",
 "pax-message",
 "pax-properties-coproduct",
 "pax-runtime-api",
 "piet",
 "piet-common",
 "wasm-bindgen",
]

[[package]]
name = "pax-example"
version = "0.0.1"
dependencies = [
 "pax-lang",
 "pax-message",
 "pax-std",
]

[[package]]
name = "pax-lang"
version = "0.0.1"
dependencies = [
 "pax-compiler",
 "pax-macro",
 "pax-message",
 "pax-runtime-api",
]

[[package]]
name = "pax-macro"
version = "0.0.1"
dependencies = [
 "pest",
 "pest_derive",
 "proc-macro2",
 "quote",
 "sailfish",
 "serde",
 "serde_derive",
 "serde_json",
 "syn",
]

[[package]]
name = "pax-message"
version = "0.0.1"
dependencies = [
 "serde",
 "serde_json",
 "wasm-bindgen",
]

[[package]]
name = "pax-properties-coproduct"
version = "0.0.1"
dependencies = [
 "pax-example",
 "pax-runtime-api",
]

[[package]]
name = "pax-runtime-api"
version = "0.0.1"
dependencies = [
 "kurbo",
 "lazy_static",
 "mut_static",
 "pax-macro",
 "pax-message",
 "uuid",
]

[[package]]
name = "pax-std"
version = "0.0.1"
dependencies = [
 "kurbo",
 "lazy_static",
 "pax-compiler",
 "pax-lang",
 "pax-message",
 "piet",
 "serde_json",
]

[[package]]
name = "pax-std-primitives"
version = "0.0.1"
dependencies = [
 "kurbo",
 "pax-core",
 "pax-lang",
 "pax-message",
 "pax-runtime-api",
 "pax-std",
 "piet",
 "piet-common",
]

[[package]]
name = "percent-encoding"
version = "2.1.0"
source = "registry+https://github.com/rust-lang/crates.io-index"
checksum = "d4fd5641d01c8f18a23da7b6fe29298ff4b55afcccdf78973b24cf3175fee32e"

[[package]]
name = "pest"
version = "2.4.1"
source = "registry+https://github.com/rust-lang/crates.io-index"
checksum = "a528564cc62c19a7acac4d81e01f39e53e25e17b934878f4c6d25cc2836e62f8"
dependencies = [
 "thiserror",
 "ucd-trie",
]

[[package]]
name = "pest_derive"
version = "2.4.1"
source = "registry+https://github.com/rust-lang/crates.io-index"
checksum = "d5fd9bc6500181952d34bd0b2b0163a54d794227b498be0b7afa7698d0a7b18f"
dependencies = [
 "pest",
 "pest_generator",
]

[[package]]
name = "pest_generator"
version = "2.4.1"
source = "registry+https://github.com/rust-lang/crates.io-index"
checksum = "d2610d5ac5156217b4ff8e46ddcef7cdf44b273da2ac5bca2ecbfa86a330e7c4"
dependencies = [
 "pest",
 "pest_meta",
 "proc-macro2",
 "quote",
 "syn",
]

[[package]]
name = "pest_meta"
version = "2.4.1"
source = "registry+https://github.com/rust-lang/crates.io-index"
checksum = "824749bf7e21dd66b36fbe26b3f45c713879cccd4a009a917ab8e045ca8246fe"
dependencies = [
 "once_cell",
 "pest",
 "sha1",
]

[[package]]
name = "phf"
version = "0.10.1"
source = "registry+https://github.com/rust-lang/crates.io-index"
checksum = "fabbf1ead8a5bcbc20f5f8b939ee3f5b0f6f281b6ad3468b84656b658b455259"
dependencies = [
 "phf_shared",
]

[[package]]
name = "phf_codegen"
version = "0.10.0"
source = "registry+https://github.com/rust-lang/crates.io-index"
checksum = "4fb1c3a8bc4dd4e5cfce29b44ffc14bedd2ee294559a294e2a4d4c9e9a6a13cd"
dependencies = [
 "phf_generator",
 "phf_shared",
]

[[package]]
name = "phf_generator"
version = "0.10.0"
source = "registry+https://github.com/rust-lang/crates.io-index"
checksum = "5d5285893bb5eb82e6aaf5d59ee909a06a16737a8970984dd7746ba9283498d6"
dependencies = [
 "phf_shared",
 "rand",
]

[[package]]
name = "phf_shared"
version = "0.10.0"
source = "registry+https://github.com/rust-lang/crates.io-index"
checksum = "b6796ad771acdc0123d2a88dc428b5e38ef24456743ddb1744ed628f9815c096"
dependencies = [
 "siphasher",
 "uncased",
]

[[package]]
name = "piet"
version = "0.6.0"
source = "registry+https://github.com/rust-lang/crates.io-index"
checksum = "ddd2a0027c9ea84b51f42ea3148864e6fc58970ad927e78390d5f9cf7cfa2c78"
dependencies = [
 "kurbo",
 "unic-bidi",
]

[[package]]
name = "piet-cairo"
version = "0.6.0"
source = "registry+https://github.com/rust-lang/crates.io-index"
checksum = "7b98e21ec69eefb09d34e34050beb700749547dfc5da7a6cff27089dd59af1b3"
dependencies = [
 "cairo-rs",
 "pango",
 "pangocairo",
 "piet",
 "unicode-segmentation",
 "xi-unicode",
]

[[package]]
name = "piet-common"
version = "0.6.0"
source = "registry+https://github.com/rust-lang/crates.io-index"
checksum = "4b7285cc595907be29db4d7f3fb331ae273250365cebf536a4a7b1dafc62978e"
dependencies = [
 "cairo-rs",
 "cairo-sys-rs",
 "cfg-if",
 "core-graphics",
 "piet",
 "piet-cairo",
 "piet-coregraphics",
 "piet-direct2d",
 "piet-web",
 "wasm-bindgen",
 "web-sys",
]

[[package]]
name = "piet-coregraphics"
version = "0.6.0"
source = "registry+https://github.com/rust-lang/crates.io-index"
checksum = "32553fa0566ed2f23dadec1078a1e6a5930672f350db54d4267e9358f578ab4f"
dependencies = [
 "associative-cache",
 "core-foundation",
 "core-foundation-sys",
 "core-graphics",
 "core-text",
 "foreign-types",
 "piet",
]

[[package]]
name = "piet-direct2d"
version = "0.6.0"
source = "registry+https://github.com/rust-lang/crates.io-index"
checksum = "3d65edc9fa5d1710daa2e55e9cc7b65e65794304ffa870a565fb7128f3110ac5"
dependencies = [
 "associative-cache",
 "dwrote",
 "piet",
 "utf16_lit",
 "winapi",
 "wio",
]

[[package]]
name = "piet-web"
version = "0.6.0"
source = "registry+https://github.com/rust-lang/crates.io-index"
checksum = "303452b9813560d4e4ea37b5792b18578b12f1e47111f1aea1a4cb9392f6fa95"
dependencies = [
 "js-sys",
 "piet",
 "unicode-segmentation",
 "wasm-bindgen",
 "web-sys",
 "xi-unicode",
]

[[package]]
name = "pin-project-lite"
version = "0.2.9"
source = "registry+https://github.com/rust-lang/crates.io-index"
checksum = "e0a7ae3ac2f1173085d398531c705756c94a4c56843785df85a60c1a0afac116"

[[package]]
name = "pin-utils"
version = "0.1.0"
source = "registry+https://github.com/rust-lang/crates.io-index"
checksum = "8b870d8c151b6f2fb93e84a13146138f05d02ed11c7e7c54f8826aaaf7c9f184"

[[package]]
name = "pkg-config"
version = "0.3.25"
source = "registry+https://github.com/rust-lang/crates.io-index"
checksum = "1df8c4ec4b0627e53bdf214615ad287367e482558cf84b109250b37464dc03ae"

[[package]]
name = "portpicker"
version = "0.1.1"
source = "registry+https://github.com/rust-lang/crates.io-index"
checksum = "be97d76faf1bfab666e1375477b23fde79eccf0276e9b63b92a39d676a889ba9"
dependencies = [
 "rand",
]

[[package]]
name = "ppv-lite86"
version = "0.2.16"
source = "registry+https://github.com/rust-lang/crates.io-index"
checksum = "eb9f9e6e233e5c4a35559a617bf40a4ec447db2e84c20b55a6f83167b7e57872"

[[package]]
name = "proc-macro-crate"
version = "1.1.3"
source = "registry+https://github.com/rust-lang/crates.io-index"
checksum = "e17d47ce914bf4de440332250b0edd23ce48c005f59fab39d3335866b114f11a"
dependencies = [
 "thiserror",
 "toml",
]

[[package]]
name = "proc-macro-error"
version = "1.0.4"
source = "registry+https://github.com/rust-lang/crates.io-index"
checksum = "da25490ff9892aab3fcf7c36f08cfb902dd3e71ca0f9f9517bea02a73a5ce38c"
dependencies = [
 "proc-macro-error-attr",
 "proc-macro2",
 "quote",
 "syn",
 "version_check",
]

[[package]]
name = "proc-macro-error-attr"
version = "1.0.4"
source = "registry+https://github.com/rust-lang/crates.io-index"
checksum = "a1be40180e52ecc98ad80b184934baf3d0d29f979574e439af5a55274b35f869"
dependencies = [
 "proc-macro2",
 "quote",
 "version_check",
]

[[package]]
name = "proc-macro2"
version = "1.0.38"
source = "registry+https://github.com/rust-lang/crates.io-index"
checksum = "9027b48e9d4c9175fa2218adf3557f91c1137021739951d4932f5f8268ac48aa"
dependencies = [
 "unicode-xid",
]

[[package]]
name = "quote"
version = "1.0.18"
source = "registry+https://github.com/rust-lang/crates.io-index"
checksum = "a1feb54ed693b93a84e14094943b84b7c4eae204c512b7ccb95ab0c66d278ad1"
dependencies = [
 "proc-macro2",
]

[[package]]
name = "rand"
version = "0.8.5"
source = "registry+https://github.com/rust-lang/crates.io-index"
checksum = "34af8d1a0e25924bc5b7c43c079c942339d8f0a8b57c39049bef581b46327404"
dependencies = [
 "libc",
 "rand_chacha",
 "rand_core",
]

[[package]]
name = "rand_chacha"
version = "0.3.1"
source = "registry+https://github.com/rust-lang/crates.io-index"
checksum = "e6c10a63a0fa32252be49d21e7709d4d4baf8d231c2dbce1eaa8141b9b127d88"
dependencies = [
 "ppv-lite86",
 "rand_core",
]

[[package]]
name = "rand_core"
version = "0.6.3"
source = "registry+https://github.com/rust-lang/crates.io-index"
checksum = "d34f1408f55294453790c48b2f1ebbb1c5b4b7563eb1f418bcfcfdbb06ebb4e7"
dependencies = [
 "getrandom",
]

[[package]]
name = "redox_syscall"
version = "0.2.16"
source = "registry+https://github.com/rust-lang/crates.io-index"
checksum = "fb5a58c1855b4b6819d59012155603f0b22ad30cad752600aadfcb695265519a"
dependencies = [
 "bitflags",
]

[[package]]
name = "regex"
version = "1.5.5"
source = "registry+https://github.com/rust-lang/crates.io-index"
checksum = "1a11647b6b25ff05a515cb92c365cec08801e83423a235b51e231e1808747286"
dependencies = [
 "aho-corasick",
 "memchr",
 "regex-syntax",
]

[[package]]
name = "regex-syntax"
version = "0.6.25"
source = "registry+https://github.com/rust-lang/crates.io-index"
checksum = "f497285884f3fcff424ffc933e56d7cbca511def0c9831a7f9b5f6153e3cc89b"

[[package]]
name = "ryu"
version = "1.0.9"
source = "registry+https://github.com/rust-lang/crates.io-index"
checksum = "73b4b750c782965c211b42f022f59af1fbceabdd026623714f104152f1ec149f"

[[package]]
name = "sailfish"
version = "0.6.0"
source = "registry+https://github.com/rust-lang/crates.io-index"
checksum = "dd1369644089e936dea5df0d6201636e2b6eb2e9ad098efb2eca5606ece3fab7"
dependencies = [
 "itoap",
 "ryu",
 "sailfish-macros",
 "version_check",
]

[[package]]
name = "sailfish-compiler"
version = "0.6.0"
source = "registry+https://github.com/rust-lang/crates.io-index"
checksum = "761019f0de360c654d51e068f07acfa8677e9566391ca290e1ab7c53a55d8d02"
dependencies = [
 "filetime",
 "home",
 "memchr",
 "proc-macro2",
 "quote",
 "serde",
 "syn",
 "toml",
]

[[package]]
name = "sailfish-macros"
version = "0.6.0"
source = "registry+https://github.com/rust-lang/crates.io-index"
checksum = "dad9a1a51d085aa939115cf537c71b1e438de7d27363a039ce525bf393262303"
dependencies = [
 "proc-macro2",
 "sailfish-compiler",
]

[[package]]
name = "same-file"
version = "1.0.6"
source = "registry+https://github.com/rust-lang/crates.io-index"
checksum = "93fc1dc3aaa9bfed95e02e6eadabb4baf7e3078b0bd1b4d7b6b0b68378900502"
dependencies = [
 "winapi-util",
]

[[package]]
name = "serde"
version = "1.0.137"
source = "registry+https://github.com/rust-lang/crates.io-index"
checksum = "61ea8d54c77f8315140a05f4c7237403bf38b72704d031543aa1d16abbf517d1"
dependencies = [
 "serde_derive",
]

[[package]]
name = "serde_derive"
version = "1.0.137"
source = "registry+https://github.com/rust-lang/crates.io-index"
checksum = "1f26faba0c3959972377d3b2d306ee9f71faee9714294e41bb777f83f88578be"
dependencies = [
 "proc-macro2",
 "quote",
 "syn",
]

[[package]]
name = "serde_json"
version = "1.0.81"
source = "registry+https://github.com/rust-lang/crates.io-index"
checksum = "9b7ce2b32a1aed03c558dc61a5cd328f15aff2dbc17daad8fb8af04d2100e15c"
dependencies = [
 "itoa",
 "ryu",
 "serde",
]

[[package]]
name = "sha1"
version = "0.10.5"
source = "registry+https://github.com/rust-lang/crates.io-index"
checksum = "f04293dc80c3993519f2d7f6f511707ee7094fe0c6d3406feb330cdb3540eba3"
dependencies = [
 "cfg-if",
 "cpufeatures",
 "digest",
]

[[package]]
name = "siphasher"
version = "0.3.10"
source = "registry+https://github.com/rust-lang/crates.io-index"
checksum = "7bd3e3206899af3f8b12af284fafc038cc1dc2b41d1b89dd17297221c5d225de"

[[package]]
name = "slab"
version = "0.4.6"
source = "registry+https://github.com/rust-lang/crates.io-index"
checksum = "eb703cfe953bccee95685111adeedb76fabe4e97549a58d16f03ea7b9367bb32"

[[package]]
name = "slug"
version = "0.1.4"
source = "registry+https://github.com/rust-lang/crates.io-index"
checksum = "b3bc762e6a4b6c6fcaade73e77f9ebc6991b676f88bb2358bddb56560f073373"
dependencies = [
 "deunicode",
]

[[package]]
name = "smallvec"
version = "1.8.0"
source = "registry+https://github.com/rust-lang/crates.io-index"
checksum = "f2dd574626839106c320a323308629dcb1acfc96e32a8cba364ddc61ac23ee83"

[[package]]
name = "strsim"
version = "0.8.0"
source = "registry+https://github.com/rust-lang/crates.io-index"
checksum = "8ea5119cdb4c55b55d432abb513a0429384878c15dde60cc77b1c99de1a95a6a"

[[package]]
name = "syn"
version = "1.0.92"
source = "registry+https://github.com/rust-lang/crates.io-index"
checksum = "7ff7c592601f11445996a06f8ad0c27f094a58857c2f89e97974ab9235b92c52"
dependencies = [
 "proc-macro2",
 "quote",
 "unicode-xid",
]

[[package]]
name = "system-deps"
version = "6.0.3"
source = "registry+https://github.com/rust-lang/crates.io-index"
checksum = "2955b1fe31e1fa2fbd1976b71cc69a606d7d4da16f6de3333d0c92d51419aeff"
dependencies = [
 "cfg-expr",
 "heck",
 "pkg-config",
 "toml",
 "version-compare",
]

[[package]]
name = "tera"
version = "1.15.0"
source = "registry+https://github.com/rust-lang/crates.io-index"
checksum = "d3cac831b615c25bcef632d1cabf864fa05813baad3d526829db18eb70e8b58d"
dependencies = [
 "chrono",
 "chrono-tz",
 "globwalk",
 "humansize",
 "lazy_static",
 "percent-encoding",
 "pest",
 "pest_derive",
 "rand",
 "regex",
 "serde",
 "serde_json",
 "slug",
 "unic-segment",
]

[[package]]
name = "textwrap"
version = "0.11.0"
source = "registry+https://github.com/rust-lang/crates.io-index"
checksum = "d326610f408c7a4eb6f51c37c330e496b08506c9457c9d34287ecc38809fb060"
dependencies = [
 "unicode-width",
]

[[package]]
name = "thiserror"
version = "1.0.37"
source = "registry+https://github.com/rust-lang/crates.io-index"
checksum = "10deb33631e3c9018b9baf9dcbbc4f737320d2b576bac10f6aefa048fa407e3e"
dependencies = [
 "thiserror-impl",
]

[[package]]
name = "thiserror-impl"
version = "1.0.37"
source = "registry+https://github.com/rust-lang/crates.io-index"
checksum = "982d17546b47146b28f7c22e3d08465f6b8903d0ea13c1660d9d84a6e7adcdbb"
dependencies = [
 "proc-macro2",
 "quote",
 "syn",
]

[[package]]
name = "thread_local"
version = "1.1.4"
source = "registry+https://github.com/rust-lang/crates.io-index"
checksum = "5516c27b78311c50bf42c071425c560ac799b11c30b31f87e3081965fe5e0180"
dependencies = [
 "once_cell",
]

[[package]]
name = "toml"
version = "0.5.9"
source = "registry+https://github.com/rust-lang/crates.io-index"
checksum = "8d82e1a7758622a465f8cee077614c73484dac5b836c02ff6a40d5d1010324d7"
dependencies = [
 "serde",
]

[[package]]
name = "toml_edit"
version = "0.14.4"
source = "registry+https://github.com/rust-lang/crates.io-index"
checksum = "5376256e44f2443f8896ac012507c19a012df0fe8758b55246ae51a2279db51f"
dependencies = [
 "combine",
 "indexmap",
 "itertools",
]

[[package]]
name = "typenum"
version = "1.15.0"
source = "registry+https://github.com/rust-lang/crates.io-index"
checksum = "dcf81ac59edc17cc8697ff311e8f5ef2d99fcbd9817b34cec66f90b6c3dfd987"

[[package]]
name = "ucd-trie"
version = "0.1.5"
source = "registry+https://github.com/rust-lang/crates.io-index"
checksum = "9e79c4d996edb816c91e4308506774452e55e95c3c9de07b6729e17e15a5ef81"

[[package]]
name = "uncased"
version = "0.9.7"
source = "registry+https://github.com/rust-lang/crates.io-index"
checksum = "09b01702b0fd0b3fadcf98e098780badda8742d4f4a7676615cad90e8ac73622"
dependencies = [
 "version_check",
]

[[package]]
name = "unic-bidi"
version = "0.9.0"
source = "registry+https://github.com/rust-lang/crates.io-index"
checksum = "1356b759fb6a82050666f11dce4b6fe3571781f1449f3ef78074e408d468ec09"
dependencies = [
 "matches",
 "unic-ucd-bidi",
]

[[package]]
name = "unic-char-property"
version = "0.9.0"
source = "registry+https://github.com/rust-lang/crates.io-index"
checksum = "a8c57a407d9b6fa02b4795eb81c5b6652060a15a7903ea981f3d723e6c0be221"
dependencies = [
 "unic-char-range",
]

[[package]]
name = "unic-char-range"
version = "0.9.0"
source = "registry+https://github.com/rust-lang/crates.io-index"
checksum = "0398022d5f700414f6b899e10b8348231abf9173fa93144cbc1a43b9793c1fbc"

[[package]]
name = "unic-common"
version = "0.9.0"
source = "registry+https://github.com/rust-lang/crates.io-index"
checksum = "80d7ff825a6a654ee85a63e80f92f054f904f21e7d12da4e22f9834a4aaa35bc"

[[package]]
name = "unic-segment"
version = "0.9.0"
source = "registry+https://github.com/rust-lang/crates.io-index"
checksum = "e4ed5d26be57f84f176157270c112ef57b86debac9cd21daaabbe56db0f88f23"
dependencies = [
 "unic-ucd-segment",
]

[[package]]
name = "unic-ucd-bidi"
version = "0.9.0"
source = "registry+https://github.com/rust-lang/crates.io-index"
checksum = "d1d568b51222484e1f8209ce48caa6b430bf352962b877d592c29ab31fb53d8c"
dependencies = [
 "unic-char-property",
 "unic-char-range",
 "unic-ucd-version",
]

[[package]]
name = "unic-ucd-segment"
version = "0.9.0"
source = "registry+https://github.com/rust-lang/crates.io-index"
checksum = "2079c122a62205b421f499da10f3ee0f7697f012f55b675e002483c73ea34700"
dependencies = [
 "unic-char-property",
 "unic-char-range",
 "unic-ucd-version",
]

[[package]]
name = "unic-ucd-version"
version = "0.9.0"
source = "registry+https://github.com/rust-lang/crates.io-index"
checksum = "96bd2f2237fe450fcd0a1d2f5f4e91711124f7857ba2e964247776ebeeb7b0c4"
dependencies = [
 "unic-common",
]

[[package]]
name = "unicode-segmentation"
version = "1.9.0"
source = "registry+https://github.com/rust-lang/crates.io-index"
checksum = "7e8820f5d777f6224dc4be3632222971ac30164d4a258d595640799554ebfd99"

[[package]]
name = "unicode-width"
version = "0.1.10"
source = "registry+https://github.com/rust-lang/crates.io-index"
checksum = "c0edd1e5b14653f783770bce4a4dabb4a5108a5370a5f5d8cfe8710c361f6c8b"

[[package]]
name = "unicode-xid"
version = "0.2.3"
source = "registry+https://github.com/rust-lang/crates.io-index"
checksum = "957e51f3646910546462e67d5f7599b9e4fb8acdd304b087a6494730f9eebf04"

[[package]]
name = "utf16_lit"
version = "2.0.2"
source = "registry+https://github.com/rust-lang/crates.io-index"
checksum = "14706d2a800ee8ff38c1d3edb873cd616971ea59eb7c0d046bb44ef59b06a1ae"

[[package]]
name = "uuid"
version = "0.8.2"
source = "registry+https://github.com/rust-lang/crates.io-index"
checksum = "bc5cf98d8186244414c848017f0e2676b3fcb46807f6668a97dfe67359a3c4b7"
dependencies = [
 "getrandom",
]

[[package]]
name = "vec_map"
version = "0.8.2"
source = "registry+https://github.com/rust-lang/crates.io-index"
checksum = "f1bddf1187be692e79c5ffeab891132dfb0f236ed36a43c7ed39f1165ee20191"

[[package]]
name = "version-compare"
version = "0.1.1"
source = "registry+https://github.com/rust-lang/crates.io-index"
checksum = "579a42fc0b8e0c63b76519a339be31bed574929511fa53c1a3acae26eb258f29"

[[package]]
name = "version_check"
version = "0.9.4"
source = "registry+https://github.com/rust-lang/crates.io-index"
checksum = "49874b5167b65d7193b8aba1567f5c7d93d001cafc34600cee003eda787e483f"

[[package]]
name = "walkdir"
version = "2.3.2"
source = "registry+https://github.com/rust-lang/crates.io-index"
checksum = "808cf2735cd4b6866113f648b791c6adc5714537bc222d9347bb203386ffda56"
dependencies = [
 "same-file",
 "winapi",
 "winapi-util",
]

[[package]]
name = "wasi"
version = "0.10.2+wasi-snapshot-preview1"
source = "registry+https://github.com/rust-lang/crates.io-index"
checksum = "fd6fbd9a79829dd1ad0cc20627bf1ed606756a7f77edff7b66b7064f9cb327c6"

[[package]]
name = "wasm-bindgen"
version = "0.2.80"
source = "registry+https://github.com/rust-lang/crates.io-index"
checksum = "27370197c907c55e3f1a9fbe26f44e937fe6451368324e009cba39e139dc08ad"
dependencies = [
 "cfg-if",
 "serde",
 "serde_json",
 "wasm-bindgen-macro",
]

[[package]]
name = "wasm-bindgen-backend"
version = "0.2.80"
source = "registry+https://github.com/rust-lang/crates.io-index"
checksum = "53e04185bfa3a779273da532f5025e33398409573f348985af9a1cbf3774d3f4"
dependencies = [
 "bumpalo",
 "lazy_static",
 "log",
 "proc-macro2",
 "quote",
 "syn",
 "wasm-bindgen-shared",
]

[[package]]
name = "wasm-bindgen-macro"
version = "0.2.80"
source = "registry+https://github.com/rust-lang/crates.io-index"
checksum = "17cae7ff784d7e83a2fe7611cfe766ecf034111b49deb850a3dc7699c08251f5"
dependencies = [
 "quote",
 "wasm-bindgen-macro-support",
]

[[package]]
name = "wasm-bindgen-macro-support"
version = "0.2.80"
source = "registry+https://github.com/rust-lang/crates.io-index"
checksum = "99ec0dc7a4756fffc231aab1b9f2f578d23cd391390ab27f952ae0c9b3ece20b"
dependencies = [
 "proc-macro2",
 "quote",
 "syn",
 "wasm-bindgen-backend",
 "wasm-bindgen-shared",
]

[[package]]
name = "wasm-bindgen-shared"
version = "0.2.80"
source = "registry+https://github.com/rust-lang/crates.io-index"
checksum = "d554b7f530dee5964d9a9468d95c1f8b8acae4f282807e7d27d4b03099a46744"

[[package]]
name = "web-sys"
version = "0.3.57"
source = "registry+https://github.com/rust-lang/crates.io-index"
checksum = "7b17e741662c70c8bd24ac5c5b18de314a2c26c32bf8346ee1e6f53de919c283"
dependencies = [
 "js-sys",
 "wasm-bindgen",
]

[[package]]
name = "winapi"
version = "0.3.9"
source = "registry+https://github.com/rust-lang/crates.io-index"
checksum = "5c839a674fcd7a98952e593242ea400abe93992746761e38641405d28b00f419"
dependencies = [
 "winapi-i686-pc-windows-gnu",
 "winapi-x86_64-pc-windows-gnu",
]

[[package]]
name = "winapi-i686-pc-windows-gnu"
version = "0.4.0"
source = "registry+https://github.com/rust-lang/crates.io-index"
checksum = "ac3b87c63620426dd9b991e5ce0329eff545bccbbb34f3be09ff6fb6ab51b7b6"

[[package]]
name = "winapi-util"
version = "0.1.5"
source = "registry+https://github.com/rust-lang/crates.io-index"
checksum = "70ec6ce85bb158151cae5e5c87f95a8e97d2c0c4b001223f33a334e3ce5de178"
dependencies = [
 "winapi",
]

[[package]]
name = "winapi-x86_64-pc-windows-gnu"
version = "0.4.0"
source = "registry+https://github.com/rust-lang/crates.io-index"
checksum = "712e227841d057c1ee1cd2fb22fa7e5a5461ae8e48fa2ca79ec42cfc1931183f"

[[package]]
name = "windows-sys"
version = "0.45.0"
source = "registry+https://github.com/rust-lang/crates.io-index"
checksum = "75283be5efb2831d37ea142365f009c02ec203cd29a3ebecbc093d52315b66d0"
dependencies = [
 "windows-targets",
]

[[package]]
name = "windows-targets"
version = "0.42.1"
source = "registry+https://github.com/rust-lang/crates.io-index"
checksum = "8e2522491fbfcd58cc84d47aeb2958948c4b8982e9a2d8a2a35bbaed431390e7"
dependencies = [
 "windows_aarch64_gnullvm",
 "windows_aarch64_msvc",
 "windows_i686_gnu",
 "windows_i686_msvc",
 "windows_x86_64_gnu",
 "windows_x86_64_gnullvm",
 "windows_x86_64_msvc",
]

[[package]]
name = "windows_aarch64_gnullvm"
version = "0.42.1"
source = "registry+https://github.com/rust-lang/crates.io-index"
checksum = "8c9864e83243fdec7fc9c5444389dcbbfd258f745e7853198f365e3c4968a608"

[[package]]
name = "windows_aarch64_msvc"
version = "0.42.1"
source = "registry+https://github.com/rust-lang/crates.io-index"
checksum = "4c8b1b673ffc16c47a9ff48570a9d85e25d265735c503681332589af6253c6c7"

[[package]]
name = "windows_i686_gnu"
version = "0.42.1"
source = "registry+https://github.com/rust-lang/crates.io-index"
checksum = "de3887528ad530ba7bdbb1faa8275ec7a1155a45ffa57c37993960277145d640"

[[package]]
name = "windows_i686_msvc"
version = "0.42.1"
source = "registry+https://github.com/rust-lang/crates.io-index"
checksum = "bf4d1122317eddd6ff351aa852118a2418ad4214e6613a50e0191f7004372605"

[[package]]
name = "windows_x86_64_gnu"
version = "0.42.1"
source = "registry+https://github.com/rust-lang/crates.io-index"
checksum = "c1040f221285e17ebccbc2591ffdc2d44ee1f9186324dd3e84e99ac68d699c45"

[[package]]
name = "windows_x86_64_gnullvm"
version = "0.42.1"
source = "registry+https://github.com/rust-lang/crates.io-index"
checksum = "628bfdf232daa22b0d64fdb62b09fcc36bb01f05a3939e20ab73aaf9470d0463"

[[package]]
name = "windows_x86_64_msvc"
version = "0.42.1"
source = "registry+https://github.com/rust-lang/crates.io-index"
checksum = "447660ad36a13288b1db4d4248e857b510e8c3a225c822ba4fb748c0aafecffd"

[[package]]
name = "wio"
version = "0.2.2"
source = "registry+https://github.com/rust-lang/crates.io-index"
checksum = "5d129932f4644ac2396cb456385cbf9e63b5b30c6e8dc4820bdca4eb082037a5"
dependencies = [
 "winapi",
]

[[package]]
name = "xi-unicode"
version = "0.3.0"
source = "registry+https://github.com/rust-lang/crates.io-index"
checksum = "a67300977d3dc3f8034dae89778f502b6ba20b269527b3223ba59c0cf393bb8a"
