// !$*UTF8*$!
{
	archiveVersion = 1;
	classes = {
	};
	objectVersion = 55;
	objects = {

/* Begin PBXBuildFile section */
		140C6AF92825C99C003BACE3 /* FlexBufferBuilder.swift in Sources */ = {isa = PBXBuildFile; fileRef = 140C6AF62825C99B003BACE3 /* FlexBufferBuilder.swift */; };
		140C6AFA2825C99C003BACE3 /* FlexBuffers.swift in Sources */ = {isa = PBXBuildFile; fileRef = 140C6AF72825C99B003BACE3 /* FlexBuffers.swift */; };
		140C6AFE28276BCD003BACE3 /* Messages.swift in Sources */ = {isa = PBXBuildFile; fileRef = 140C6AFD28276BCD003BACE3 /* Messages.swift */; };
		1459D7E4280F2922006391F8 /* libpaxchassismacos.dylib in Frameworks */ = {isa = PBXBuildFile; fileRef = 1459D7E1280F2902006391F8 /* libpaxchassismacos.dylib */; };
		1459D7E5280F2922006391F8 /* libpaxchassismacos.dylib in Embed Libraries */ = {isa = PBXBuildFile; fileRef = 1459D7E1280F2902006391F8 /* libpaxchassismacos.dylib */; settings = {ATTRIBUTES = (CodeSignOnCopy, ); }; };
		1459D7E8280F2933006391F8 /* libpaxchassismacos.a in Frameworks */ = {isa = PBXBuildFile; fileRef = 1459D7E7280F2922006391F8 /* libpaxchassismacos.a */; };
		14965C0527FE3D0F00A38CA1 /* Main.swift in Sources */ = {isa = PBXBuildFile; fileRef = 14965C0427FE3D0F00A38CA1 /* Main.swift */; };
		14965C0727FE3D0F00A38CA1 /* PaxView.swift in Sources */ = {isa = PBXBuildFile; fileRef = 14965C0627FE3D0F00A38CA1 /* PaxView.swift */; };
		14965C0927FE3D1100A38CA1 /* Assets.xcassets in Resources */ = {isa = PBXBuildFile; fileRef = 14965C0827FE3D1100A38CA1 /* Assets.xcassets */; };
		14965C0C27FE3D1100A38CA1 /* Preview Assets.xcassets in Resources */ = {isa = PBXBuildFile; fileRef = 14965C0B27FE3D1100A38CA1 /* Preview Assets.xcassets */; };
		14965C1E2805EAFD00A38CA1 /* libresolv.tbd in Frameworks */ = {isa = PBXBuildFile; fileRef = 14965C1D2805EAF500A38CA1 /* libresolv.tbd */; platformFilter = maccatalyst; };
/* End PBXBuildFile section */

/* Begin PBXCopyFilesBuildPhase section */
		1459D7E6280F2922006391F8 /* Embed Libraries */ = {
			isa = PBXCopyFilesBuildPhase;
			buildActionMask = 2147483647;
			dstPath = "";
			dstSubfolderSpec = 10;
			files = (
				1459D7E5280F2922006391F8 /* libpaxchassismacos.dylib in Embed Libraries */,
			);
			name = "Embed Libraries";
			runOnlyForDeploymentPostprocessing = 0;
		};
/* End PBXCopyFilesBuildPhase section */

/* Begin PBXFileReference section */
		140C6AF62825C99B003BACE3 /* FlexBufferBuilder.swift */ = {isa = PBXFileReference; fileEncoding = 4; lastKnownFileType = sourcecode.swift; path = FlexBufferBuilder.swift; sourceTree = "<group>"; };
		140C6AF72825C99B003BACE3 /* FlexBuffers.swift */ = {isa = PBXFileReference; fileEncoding = 4; lastKnownFileType = sourcecode.swift; path = FlexBuffers.swift; sourceTree = "<group>"; };
		140C6AF82825C99C003BACE3 /* FlexBuffers.h */ = {isa = PBXFileReference; fileEncoding = 4; lastKnownFileType = sourcecode.c.h; path = FlexBuffers.h; sourceTree = "<group>"; };
		140C6AFD28276BCD003BACE3 /* Messages.swift */ = {isa = PBXFileReference; lastKnownFileType = sourcecode.swift; path = Messages.swift; sourceTree = "<group>"; };
		1459D7E1280F2902006391F8 /* libpaxchassismacos.dylib */ = {isa = PBXFileReference; lastKnownFileType = "compiled.mach-o.dylib"; name = libpaxchassismacos.dylib; path = ../../target/debug/libpaxchassismacos.dylib; sourceTree = "<group>"; };
		1459D7E7280F2922006391F8 /* libpaxchassismacos.a */ = {isa = PBXFileReference; lastKnownFileType = archive.ar; name = libpaxchassismacos.a; path = ../../target/debug/libpaxchassismacos.a; sourceTree = "<group>"; };
		14965C0127FE3D0F00A38CA1 /* Pax macOS.app */ = {isa = PBXFileReference; explicitFileType = wrapper.application; includeInIndex = 0; path = "Pax macOS.app"; sourceTree = BUILT_PRODUCTS_DIR; };
		14965C0427FE3D0F00A38CA1 /* Main.swift */ = {isa = PBXFileReference; lastKnownFileType = sourcecode.swift; path = Main.swift; sourceTree = "<group>"; };
		14965C0627FE3D0F00A38CA1 /* PaxView.swift */ = {isa = PBXFileReference; lastKnownFileType = sourcecode.swift; path = PaxView.swift; sourceTree = "<group>"; };
		14965C0827FE3D1100A38CA1 /* Assets.xcassets */ = {isa = PBXFileReference; lastKnownFileType = folder.assetcatalog; path = Assets.xcassets; sourceTree = "<group>"; };
		14965C0B27FE3D1100A38CA1 /* Preview Assets.xcassets */ = {isa = PBXFileReference; lastKnownFileType = folder.assetcatalog; path = "Preview Assets.xcassets"; sourceTree = "<group>"; };
		14965C0D27FE3D1100A38CA1 /* pax_dev_harness_macos.entitlements */ = {isa = PBXFileReference; lastKnownFileType = text.plist.entitlements; path = pax_dev_harness_macos.entitlements; sourceTree = "<group>"; };
		14965C142805E47D00A38CA1 /* src */ = {isa = PBXFileReference; lastKnownFileType = folder; name = src; path = ../src; sourceTree = "<group>"; };
		14965C152805E4BF00A38CA1 /* paxchassismacos.h */ = {isa = PBXFileReference; fileEncoding = 4; lastKnownFileType = sourcecode.c.h; name = paxchassismacos.h; path = ../src/paxchassismacos.h; sourceTree = "<group>"; };
		14965C162805E4EF00A38CA1 /* Paxchassismacos-Bridging-Header.h */ = {isa = PBXFileReference; lastKnownFileType = sourcecode.c.h; path = "Paxchassismacos-Bridging-Header.h"; sourceTree = "<group>"; };
		14965C172805EA3B00A38CA1 /* libpaxchassismacos.a */ = {isa = PBXFileReference; lastKnownFileType = archive.ar; name = libpaxchassismacos.a; path = ../../target/release/libpaxchassismacos.a; sourceTree = "<group>"; };
		14965C192805EAA700A38CA1 /* libpaxchassismacos.dylib */ = {isa = PBXFileReference; lastKnownFileType = "compiled.mach-o.dylib"; name = libpaxchassismacos.dylib; path = ../../target/release/libpaxchassismacos.dylib; sourceTree = "<group>"; };
		14965C1D2805EAF500A38CA1 /* libresolv.tbd */ = {isa = PBXFileReference; lastKnownFileType = "sourcecode.text-based-dylib-definition"; name = libresolv.tbd; path = usr/lib/libresolv.tbd; sourceTree = SDKROOT; };
/* End PBXFileReference section */

/* Begin PBXFrameworksBuildPhase section */
		14965BFE27FE3D0F00A38CA1 /* Frameworks */ = {
			isa = PBXFrameworksBuildPhase;
			buildActionMask = 2147483647;
			files = (
				1459D7E8280F2933006391F8 /* libpaxchassismacos.a in Frameworks */,
				14965C1E2805EAFD00A38CA1 /* libresolv.tbd in Frameworks */,
				1459D7E4280F2922006391F8 /* libpaxchassismacos.dylib in Frameworks */,
			);
			runOnlyForDeploymentPostprocessing = 0;
		};
/* End PBXFrameworksBuildPhase section */

/* Begin PBXGroup section */
		140C6AFB28276B89003BACE3 /* FlexBuffers */ = {
			isa = PBXGroup;
			children = (
				140C6AF62825C99B003BACE3 /* FlexBufferBuilder.swift */,
				140C6AF82825C99C003BACE3 /* FlexBuffers.h */,
				140C6AF72825C99B003BACE3 /* FlexBuffers.swift */,
			);
			path = FlexBuffers;
			sourceTree = "<group>";
		};
		14965BF827FE3D0F00A38CA1 = {
			isa = PBXGroup;
			children = (
				14965C162805E4EF00A38CA1 /* Paxchassismacos-Bridging-Header.h */,
				14965C152805E4BF00A38CA1 /* paxchassismacos.h */,
				14965C0327FE3D0F00A38CA1 /* pax-dev-harness-macos */,
				14965C0227FE3D0F00A38CA1 /* Products */,
				14965C132805E47D00A38CA1 /* Frameworks */,
			);
			sourceTree = "<group>";
		};
		14965C0227FE3D0F00A38CA1 /* Products */ = {
			isa = PBXGroup;
			children = (
				14965C0127FE3D0F00A38CA1 /* Pax macOS.app */,
			);
			name = Products;
			sourceTree = "<group>";
		};
		14965C0327FE3D0F00A38CA1 /* pax-dev-harness-macos */ = {
			isa = PBXGroup;
			children = (
				140C6AFB28276B89003BACE3 /* FlexBuffers */,
				14965C0427FE3D0F00A38CA1 /* Main.swift */,
				140C6AFD28276BCD003BACE3 /* Messages.swift */,
				14965C0627FE3D0F00A38CA1 /* PaxView.swift */,
				14965C0827FE3D1100A38CA1 /* Assets.xcassets */,
				14965C0D27FE3D1100A38CA1 /* pax_dev_harness_macos.entitlements */,
				14965C0A27FE3D1100A38CA1 /* Preview Content */,
			);
			path = "pax-dev-harness-macos";
			sourceTree = "<group>";
		};
		14965C0A27FE3D1100A38CA1 /* Preview Content */ = {
			isa = PBXGroup;
			children = (
				14965C0B27FE3D1100A38CA1 /* Preview Assets.xcassets */,
			);
			path = "Preview Content";
			sourceTree = "<group>";
		};
		14965C132805E47D00A38CA1 /* Frameworks */ = {
			isa = PBXGroup;
			children = (
				1459D7E7280F2922006391F8 /* libpaxchassismacos.a */,
				1459D7E1280F2902006391F8 /* libpaxchassismacos.dylib */,
				14965C1D2805EAF500A38CA1 /* libresolv.tbd */,
				14965C192805EAA700A38CA1 /* libpaxchassismacos.dylib */,
				14965C172805EA3B00A38CA1 /* libpaxchassismacos.a */,
				14965C142805E47D00A38CA1 /* src */,
			);
			name = Frameworks;
			sourceTree = "<group>";
		};
/* End PBXGroup section */

/* Begin PBXNativeTarget section */
		14965C0027FE3D0F00A38CA1 /* Pax macOS */ = {
			isa = PBXNativeTarget;
			buildConfigurationList = 14965C1027FE3D1100A38CA1 /* Build configuration list for PBXNativeTarget "Pax macOS" */;
			buildPhases = (
				14965BFD27FE3D0F00A38CA1 /* Sources */,
				14965BFE27FE3D0F00A38CA1 /* Frameworks */,
				14965BFF27FE3D0F00A38CA1 /* Resources */,
				1459D7E6280F2922006391F8 /* Embed Libraries */,
			);
			buildRules = (
			);
			dependencies = (
			);
			name = "Pax macOS";
			productName = "pax-dev-harness-macos";
			productReference = 14965C0127FE3D0F00A38CA1 /* Pax macOS.app */;
			productType = "com.apple.product-type.application";
		};
/* End PBXNativeTarget section */

/* Begin PBXProject section */
		14965BF927FE3D0F00A38CA1 /* Project object */ = {
			isa = PBXProject;
			attributes = {
				BuildIndependentTargetsInParallel = 1;
				LastSwiftUpdateCheck = 1300;
				LastUpgradeCheck = 1300;
				TargetAttributes = {
					14965C0027FE3D0F00A38CA1 = {
						CreatedOnToolsVersion = 13.0;
					};
				};
			};
			buildConfigurationList = 14965BFC27FE3D0F00A38CA1 /* Build configuration list for PBXProject "pax-dev-harness-macos" */;
			compatibilityVersion = "Xcode 13.0";
			developmentRegion = en;
			hasScannedForEncodings = 0;
			knownRegions = (
				en,
				Base,
			);
			mainGroup = 14965BF827FE3D0F00A38CA1;
			packageReferences = (
			);
			productRefGroup = 14965C0227FE3D0F00A38CA1 /* Products */;
			projectDirPath = "";
			projectRoot = "";
			targets = (
				14965C0027FE3D0F00A38CA1 /* Pax macOS */,
			);
		};
/* End PBXProject section */

/* Begin PBXResourcesBuildPhase section */
		14965BFF27FE3D0F00A38CA1 /* Resources */ = {
			isa = PBXResourcesBuildPhase;
			buildActionMask = 2147483647;
			files = (
				14965C0C27FE3D1100A38CA1 /* Preview Assets.xcassets in Resources */,
				14965C0927FE3D1100A38CA1 /* Assets.xcassets in Resources */,
			);
			runOnlyForDeploymentPostprocessing = 0;
		};
/* End PBXResourcesBuildPhase section */

/* Begin PBXSourcesBuildPhase section */
		14965BFD27FE3D0F00A38CA1 /* Sources */ = {
			isa = PBXSourcesBuildPhase;
			buildActionMask = 2147483647;
			files = (
				140C6AFA2825C99C003BACE3 /* FlexBuffers.swift in Sources */,
				14965C0727FE3D0F00A38CA1 /* PaxView.swift in Sources */,
				140C6AFE28276BCD003BACE3 /* Messages.swift in Sources */,
				14965C0527FE3D0F00A38CA1 /* Main.swift in Sources */,
				140C6AF92825C99C003BACE3 /* FlexBufferBuilder.swift in Sources */,
			);
			runOnlyForDeploymentPostprocessing = 0;
		};
/* End PBXSourcesBuildPhase section */

/* Begin XCBuildConfiguration section */
		14965C0E27FE3D1100A38CA1 /* Debug */ = {
			isa = XCBuildConfiguration;
			buildSettings = {
				ALWAYS_SEARCH_USER_PATHS = NO;
				ARCHS = (
					"$(ARCHS_STANDARD)",
					armv7s,
				);
				CLANG_ANALYZER_NONNULL = YES;
				CLANG_ANALYZER_NUMBER_OBJECT_CONVERSION = YES_AGGRESSIVE;
				CLANG_CXX_LANGUAGE_STANDARD = "gnu++17";
				CLANG_CXX_LIBRARY = "libc++";
				CLANG_ENABLE_MODULES = YES;
				CLANG_ENABLE_OBJC_ARC = YES;
				CLANG_ENABLE_OBJC_WEAK = YES;
				CLANG_WARN_BLOCK_CAPTURE_AUTORELEASING = YES;
				CLANG_WARN_BOOL_CONVERSION = YES;
				CLANG_WARN_COMMA = YES;
				CLANG_WARN_CONSTANT_CONVERSION = YES;
				CLANG_WARN_DEPRECATED_OBJC_IMPLEMENTATIONS = YES;
				CLANG_WARN_DIRECT_OBJC_ISA_USAGE = YES_ERROR;
				CLANG_WARN_DOCUMENTATION_COMMENTS = YES;
				CLANG_WARN_EMPTY_BODY = YES;
				CLANG_WARN_ENUM_CONVERSION = YES;
				CLANG_WARN_INFINITE_RECURSION = YES;
				CLANG_WARN_INT_CONVERSION = YES;
				CLANG_WARN_NON_LITERAL_NULL_CONVERSION = YES;
				CLANG_WARN_OBJC_IMPLICIT_RETAIN_SELF = YES;
				CLANG_WARN_OBJC_LITERAL_CONVERSION = YES;
				CLANG_WARN_OBJC_ROOT_CLASS = YES_ERROR;
				CLANG_WARN_QUOTED_INCLUDE_IN_FRAMEWORK_HEADER = YES;
				CLANG_WARN_RANGE_LOOP_ANALYSIS = YES;
				CLANG_WARN_STRICT_PROTOTYPES = YES;
				CLANG_WARN_SUSPICIOUS_MOVE = YES;
				CLANG_WARN_UNGUARDED_AVAILABILITY = YES_AGGRESSIVE;
				CLANG_WARN_UNREACHABLE_CODE = YES;
				CLANG_WARN__DUPLICATE_METHOD_MATCH = YES;
				COPY_PHASE_STRIP = NO;
				DEBUG_INFORMATION_FORMAT = dwarf;
				ENABLE_STRICT_OBJC_MSGSEND = YES;
				ENABLE_TESTABILITY = YES;
				GCC_C_LANGUAGE_STANDARD = gnu11;
				GCC_DYNAMIC_NO_PIC = NO;
				GCC_NO_COMMON_BLOCKS = YES;
				GCC_OPTIMIZATION_LEVEL = 0;
				GCC_PREPROCESSOR_DEFINITIONS = (
					"DEBUG=1",
					"$(inherited)",
				);
				GCC_WARN_64_TO_32_BIT_CONVERSION = YES;
				GCC_WARN_ABOUT_RETURN_TYPE = YES_ERROR;
				GCC_WARN_UNDECLARED_SELECTOR = YES;
				GCC_WARN_UNINITIALIZED_AUTOS = YES_AGGRESSIVE;
				GCC_WARN_UNUSED_FUNCTION = YES;
				GCC_WARN_UNUSED_VARIABLE = YES;
				MACOSX_DEPLOYMENT_TARGET = 11.3;
				MTL_ENABLE_DEBUG_INFO = INCLUDE_SOURCE;
				MTL_FAST_MATH = YES;
				NEW_SETTING = "";
				ONLY_ACTIVE_ARCH = YES;
				SDKROOT = macosx;
				SWIFT_ACTIVE_COMPILATION_CONDITIONS = DEBUG;
				SWIFT_OPTIMIZATION_LEVEL = "-Onone";
			};
			name = Debug;
		};
		14965C0F27FE3D1100A38CA1 /* Release */ = {
			isa = XCBuildConfiguration;
			buildSettings = {
				ALWAYS_SEARCH_USER_PATHS = NO;
				ARCHS = (
					"$(ARCHS_STANDARD)",
					armv7s,
				);
				CLANG_ANALYZER_NONNULL = YES;
				CLANG_ANALYZER_NUMBER_OBJECT_CONVERSION = YES_AGGRESSIVE;
				CLANG_CXX_LANGUAGE_STANDARD = "gnu++17";
				CLANG_CXX_LIBRARY = "libc++";
				CLANG_ENABLE_MODULES = YES;
				CLANG_ENABLE_OBJC_ARC = YES;
				CLANG_ENABLE_OBJC_WEAK = YES;
				CLANG_WARN_BLOCK_CAPTURE_AUTORELEASING = YES;
				CLANG_WARN_BOOL_CONVERSION = YES;
				CLANG_WARN_COMMA = YES;
				CLANG_WARN_CONSTANT_CONVERSION = YES;
				CLANG_WARN_DEPRECATED_OBJC_IMPLEMENTATIONS = YES;
				CLANG_WARN_DIRECT_OBJC_ISA_USAGE = YES_ERROR;
				CLANG_WARN_DOCUMENTATION_COMMENTS = YES;
				CLANG_WARN_EMPTY_BODY = YES;
				CLANG_WARN_ENUM_CONVERSION = YES;
				CLANG_WARN_INFINITE_RECURSION = YES;
				CLANG_WARN_INT_CONVERSION = YES;
				CLANG_WARN_NON_LITERAL_NULL_CONVERSION = YES;
				CLANG_WARN_OBJC_IMPLICIT_RETAIN_SELF = YES;
				CLANG_WARN_OBJC_LITERAL_CONVERSION = YES;
				CLANG_WARN_OBJC_ROOT_CLASS = YES_ERROR;
				CLANG_WARN_QUOTED_INCLUDE_IN_FRAMEWORK_HEADER = YES;
				CLANG_WARN_RANGE_LOOP_ANALYSIS = YES;
				CLANG_WARN_STRICT_PROTOTYPES = YES;
				CLANG_WARN_SUSPICIOUS_MOVE = YES;
				CLANG_WARN_UNGUARDED_AVAILABILITY = YES_AGGRESSIVE;
				CLANG_WARN_UNREACHABLE_CODE = YES;
				CLANG_WARN__DUPLICATE_METHOD_MATCH = YES;
				COPY_PHASE_STRIP = NO;
				DEBUG_INFORMATION_FORMAT = "dwarf-with-dsym";
				ENABLE_NS_ASSERTIONS = NO;
				ENABLE_STRICT_OBJC_MSGSEND = YES;
				GCC_C_LANGUAGE_STANDARD = gnu11;
				GCC_NO_COMMON_BLOCKS = YES;
				GCC_WARN_64_TO_32_BIT_CONVERSION = YES;
				GCC_WARN_ABOUT_RETURN_TYPE = YES_ERROR;
				GCC_WARN_UNDECLARED_SELECTOR = YES;
				GCC_WARN_UNINITIALIZED_AUTOS = YES_AGGRESSIVE;
				GCC_WARN_UNUSED_FUNCTION = YES;
				GCC_WARN_UNUSED_VARIABLE = YES;
				MACOSX_DEPLOYMENT_TARGET = 11.3;
				MTL_ENABLE_DEBUG_INFO = NO;
				MTL_FAST_MATH = YES;
				NEW_SETTING = "";
				ONLY_ACTIVE_ARCH = YES;
				SDKROOT = macosx;
				SWIFT_COMPILATION_MODE = wholemodule;
				SWIFT_OPTIMIZATION_LEVEL = "-O";
			};
			name = Release;
		};
		14965C1127FE3D1100A38CA1 /* Debug */ = {
			isa = XCBuildConfiguration;
			buildSettings = {
				ASSETCATALOG_COMPILER_APPICON_NAME = AppIcon;
				ASSETCATALOG_COMPILER_GLOBAL_ACCENT_COLOR_NAME = AccentColor;
				CODE_SIGN_ENTITLEMENTS = "pax-dev-harness-macos/pax_dev_harness_macos.entitlements";
				CODE_SIGN_IDENTITY = "Apple Development";
				CODE_SIGN_STYLE = Automatic;
				COMBINE_HIDPI_IMAGES = YES;
				CURRENT_PROJECT_VERSION = 1;
				DEVELOPMENT_ASSET_PATHS = "\"pax-dev-harness-macos/Preview Content\"";
				DEVELOPMENT_TEAM = CAV3CH2A5S;
				ENABLE_HARDENED_RUNTIME = NO;
				ENABLE_PREVIEWS = YES;
				GENERATE_INFOPLIST_FILE = YES;
				INFOPLIST_KEY_NSHumanReadableCopyright = "";
				LD_RUNPATH_SEARCH_PATHS = (
					"$(inherited)",
					"@executable_path/../Frameworks",
				);
				LIBRARY_SEARCH_PATHS = "$(PROJECT_DIR)/../../target/debug";
				MACOSX_DEPLOYMENT_TARGET = 12.0;
				MARKETING_VERSION = 1.0;
				PRODUCT_BUNDLE_IDENTIFIER = "org.pax-lang.pax-dev-harness-macos";
				PRODUCT_NAME = "$(TARGET_NAME)";
				PROVISIONING_PROFILE_SPECIFIER = "";
				SWIFT_EMIT_LOC_STRINGS = YES;
				SWIFT_OBJC_BRIDGING_HEADER = "$(PROJECT_DIR)/Paxchassismacos-Bridging-Header.h";
				SWIFT_VERSION = 5.0;
			};
			name = Debug;
		};
		14965C1227FE3D1100A38CA1 /* Release */ = {
			isa = XCBuildConfiguration;
			buildSettings = {
				ASSETCATALOG_COMPILER_APPICON_NAME = AppIcon;
				ASSETCATALOG_COMPILER_GLOBAL_ACCENT_COLOR_NAME = AccentColor;
				CODE_SIGN_ENTITLEMENTS = "pax-dev-harness-macos/pax_dev_harness_macos.entitlements";
				CODE_SIGN_IDENTITY = "Apple Development";
				CODE_SIGN_STYLE = Automatic;
				COMBINE_HIDPI_IMAGES = YES;
				CURRENT_PROJECT_VERSION = 1;
				DEVELOPMENT_ASSET_PATHS = "\"pax-dev-harness-macos/Preview Content\"";
				DEVELOPMENT_TEAM = CAV3CH2A5S;
				ENABLE_HARDENED_RUNTIME = NO;
				ENABLE_PREVIEWS = YES;
				GENERATE_INFOPLIST_FILE = YES;
				INFOPLIST_KEY_NSHumanReadableCopyright = "";
				LD_RUNPATH_SEARCH_PATHS = (
					"$(inherited)",
					"@executable_path/../Frameworks",
				);
				LIBRARY_SEARCH_PATHS = "$(PROJECT_DIR)/../../target/debug";
				MACOSX_DEPLOYMENT_TARGET = 12.0;
				MARKETING_VERSION = 1.0;
				PRODUCT_BUNDLE_IDENTIFIER = "org.pax-lang.pax-dev-harness-macos";
				PRODUCT_NAME = "$(TARGET_NAME)";
				PROVISIONING_PROFILE_SPECIFIER = "";
				SWIFT_EMIT_LOC_STRINGS = YES;
				SWIFT_OBJC_BRIDGING_HEADER = "$(PROJECT_DIR)/Paxchassismacos-Bridging-Header.h";
				SWIFT_VERSION = 5.0;
			};
			name = Release;
		};
/* End XCBuildConfiguration section */

/* Begin XCConfigurationList section */
		14965BFC27FE3D0F00A38CA1 /* Build configuration list for PBXProject "pax-dev-harness-macos" */ = {
			isa = XCConfigurationList;
			buildConfigurations = (
				14965C0E27FE3D1100A38CA1 /* Debug */,
				14965C0F27FE3D1100A38CA1 /* Release */,
			);
			defaultConfigurationIsVisible = 0;
			defaultConfigurationName = Release;
		};
		14965C1027FE3D1100A38CA1 /* Build configuration list for PBXNativeTarget "Pax macOS" */ = {
			isa = XCConfigurationList;
			buildConfigurations = (
				14965C1127FE3D1100A38CA1 /* Debug */,
				14965C1227FE3D1100A38CA1 /* Release */,
			);
			defaultConfigurationIsVisible = 0;
			defaultConfigurationName = Release;
		};
/* End XCConfigurationList section */
	};
	rootObject = 14965BF927FE3D0F00A38CA1 /* Project object */;
}
