// !$*UTF8*$!
{
	archiveVersion = 1;
	classes = {
	};
	objectVersion = 60;
	objects = {

/* Begin PBXBuildFile section */
		1405D1202ACF5B1C006EBEF1 /* PaxViewIos.swift in Sources */ = {isa = PBXBuildFile; fileRef = 1405D11F2ACF5B1C006EBEF1 /* PaxViewIos.swift */; };
		1405D1222ACF5B1C006EBEF1 /* ContentView.swift in Sources */ = {isa = PBXBuildFile; fileRef = 1405D1212ACF5B1C006EBEF1 /* ContentView.swift */; };
		1405D1242ACF5B1D006EBEF1 /* Assets.xcassets in Resources */ = {isa = PBXBuildFile; fileRef = 1405D1232ACF5B1D006EBEF1 /* Assets.xcassets */; };
		1405D1272ACF5B1D006EBEF1 /* Preview Assets.xcassets in Resources */ = {isa = PBXBuildFile; fileRef = 1405D1262ACF5B1D006EBEF1 /* Preview Assets.xcassets */; };
		1405D12F2ACF5B58006EBEF1 /* PaxCartridge in Frameworks */ = {isa = PBXBuildFile; productRef = 1405D12E2ACF5B58006EBEF1 /* PaxCartridge */; };
		1405D1312ACF5B58006EBEF1 /* PaxCartridgeAssets in Frameworks */ = {isa = PBXBuildFile; productRef = 1405D1302ACF5B58006EBEF1 /* PaxCartridgeAssets */; };
		1405D1342ACF5B6C006EBEF1 /* FlexBuffers in Frameworks */ = {isa = PBXBuildFile; productRef = 1405D1332ACF5B6C006EBEF1 /* FlexBuffers */; };
		1405D1362ACF5B6C006EBEF1 /* Messages in Frameworks */ = {isa = PBXBuildFile; productRef = 1405D1352ACF5B6C006EBEF1 /* Messages */; };
		1405D1382ACF5B6C006EBEF1 /* Rendering in Frameworks */ = {isa = PBXBuildFile; productRef = 1405D1372ACF5B6C006EBEF1 /* Rendering */; };
/* End PBXBuildFile section */

/* Begin PBXFileReference section */
		1405D11C2ACF5B1C006EBEF1 /* pax-app-ios.app */ = {isa = PBXFileReference; explicitFileType = wrapper.application; includeInIndex = 0; path = "pax-app-ios.app"; sourceTree = BUILT_PRODUCTS_DIR; };
		1405D11F2ACF5B1C006EBEF1 /* PaxViewIos.swift */ = {isa = PBXFileReference; lastKnownFileType = sourcecode.swift; path = PaxViewIos.swift; sourceTree = "<group>"; };
		1405D1212ACF5B1C006EBEF1 /* ContentView.swift */ = {isa = PBXFileReference; lastKnownFileType = sourcecode.swift; path = ContentView.swift; sourceTree = "<group>"; };
		1405D1232ACF5B1D006EBEF1 /* Assets.xcassets */ = {isa = PBXFileReference; lastKnownFileType = folder.assetcatalog; path = Assets.xcassets; sourceTree = "<group>"; };
		1405D1262ACF5B1D006EBEF1 /* Preview Assets.xcassets */ = {isa = PBXFileReference; lastKnownFileType = folder.assetcatalog; path = "Preview Assets.xcassets"; sourceTree = "<group>"; };
/* End PBXFileReference section */

/* Begin PBXFrameworksBuildPhase section */
		1405D1192ACF5B1C006EBEF1 /* Frameworks */ = {
			isa = PBXFrameworksBuildPhase;
			buildActionMask = 2147483647;
			files = (
				1405D1362ACF5B6C006EBEF1 /* Messages in Frameworks */,
				1405D1382ACF5B6C006EBEF1 /* Rendering in Frameworks */,
				1405D12F2ACF5B58006EBEF1 /* PaxCartridge in Frameworks */,
				1405D1342ACF5B6C006EBEF1 /* FlexBuffers in Frameworks */,
				1405D1312ACF5B58006EBEF1 /* PaxCartridgeAssets in Frameworks */,
			);
			runOnlyForDeploymentPostprocessing = 0;
		};
/* End PBXFrameworksBuildPhase section */

/* Begin PBXGroup section */
		1405D1132ACF5B1C006EBEF1 = {
			isa = PBXGroup;
			children = (
				1405D11E2ACF5B1C006EBEF1 /* pax-app-ios */,
				1405D11D2ACF5B1C006EBEF1 /* Products */,
			);
			sourceTree = "<group>";
		};
		1405D11D2ACF5B1C006EBEF1 /* Products */ = {
			isa = PBXGroup;
			children = (
				1405D11C2ACF5B1C006EBEF1 /* pax-app-ios.app */,
			);
			name = Products;
			sourceTree = "<group>";
		};
		1405D11E2ACF5B1C006EBEF1 /* pax-app-ios */ = {
			isa = PBXGroup;
			children = (
				1405D11F2ACF5B1C006EBEF1 /* PaxViewIos.swift */,
				1405D1212ACF5B1C006EBEF1 /* ContentView.swift */,
				1405D1232ACF5B1D006EBEF1 /* Assets.xcassets */,
				1405D1252ACF5B1D006EBEF1 /* Preview Content */,
			);
			path = "pax-app-ios";
			sourceTree = "<group>";
		};
		1405D1252ACF5B1D006EBEF1 /* Preview Content */ = {
			isa = PBXGroup;
			children = (
				1405D1262ACF5B1D006EBEF1 /* Preview Assets.xcassets */,
			);
			path = "Preview Content";
			sourceTree = "<group>";
		};
/* End PBXGroup section */

/* Begin PBXNativeTarget section */
		1405D11B2ACF5B1C006EBEF1 /* pax-app-ios */ = {
			isa = PBXNativeTarget;
			buildConfigurationList = 1405D12A2ACF5B1D006EBEF1 /* Build configuration list for PBXNativeTarget "pax-app-ios" */;
			buildPhases = (
				1405D1182ACF5B1C006EBEF1 /* Sources */,
				1405D1192ACF5B1C006EBEF1 /* Frameworks */,
				1405D11A2ACF5B1C006EBEF1 /* Resources */,
			);
			buildRules = (
			);
			dependencies = (
			);
			name = "pax-app-ios";
			packageProductDependencies = (
				1405D12E2ACF5B58006EBEF1 /* PaxCartridge */,
				1405D1302ACF5B58006EBEF1 /* PaxCartridgeAssets */,
				1405D1332ACF5B6C006EBEF1 /* FlexBuffers */,
				1405D1352ACF5B6C006EBEF1 /* Messages */,
				1405D1372ACF5B6C006EBEF1 /* Rendering */,
			);
			productName = "pax-app-ios";
			productReference = 1405D11C2ACF5B1C006EBEF1 /* pax-app-ios.app */;
			productType = "com.apple.product-type.application";
		};
/* End PBXNativeTarget section */

/* Begin PBXProject section */
		1405D1142ACF5B1C006EBEF1 /* Project object */ = {
			isa = PBXProject;
			attributes = {
				BuildIndependentTargetsInParallel = 1;
				LastSwiftUpdateCheck = 1500;
				LastUpgradeCheck = 1500;
				TargetAttributes = {
					1405D11B2ACF5B1C006EBEF1 = {
						CreatedOnToolsVersion = 15.0;
					};
				};
			};
			buildConfigurationList = 1405D1172ACF5B1C006EBEF1 /* Build configuration list for PBXProject "pax-app-ios" */;
			compatibilityVersion = "Xcode 14.0";
			developmentRegion = en;
			hasScannedForEncodings = 0;
			knownRegions = (
				en,
				Base,
			);
			mainGroup = 1405D1132ACF5B1C006EBEF1;
			packageReferences = (
				1405D12D2ACF5B58006EBEF1 /* XCLocalSwiftPackageReference "../../../pax-chassis-common/pax-swift-cartridge" */,
				1405D1322ACF5B6C006EBEF1 /* XCLocalSwiftPackageReference "../../../pax-chassis-common/pax-swift-common" */,
			);
			productRefGroup = 1405D11D2ACF5B1C006EBEF1 /* Products */;
			projectDirPath = "";
			projectRoot = "";
			targets = (
				1405D11B2ACF5B1C006EBEF1 /* pax-app-ios */,
			);
		};
/* End PBXProject section */

/* Begin PBXResourcesBuildPhase section */
		1405D11A2ACF5B1C006EBEF1 /* Resources */ = {
			isa = PBXResourcesBuildPhase;
			buildActionMask = 2147483647;
			files = (
				1405D1272ACF5B1D006EBEF1 /* Preview Assets.xcassets in Resources */,
				1405D1242ACF5B1D006EBEF1 /* Assets.xcassets in Resources */,
			);
			runOnlyForDeploymentPostprocessing = 0;
		};
/* End PBXResourcesBuildPhase section */

/* Begin PBXSourcesBuildPhase section */
		1405D1182ACF5B1C006EBEF1 /* Sources */ = {
			isa = PBXSourcesBuildPhase;
			buildActionMask = 2147483647;
			files = (
				1405D1222ACF5B1C006EBEF1 /* ContentView.swift in Sources */,
				1405D1202ACF5B1C006EBEF1 /* PaxViewIos.swift in Sources */,
			);
			runOnlyForDeploymentPostprocessing = 0;
		};
/* End PBXSourcesBuildPhase section */

/* Begin XCBuildConfiguration section */
		1405D1282ACF5B1D006EBEF1 /* Debug */ = {
			isa = XCBuildConfiguration;
			buildSettings = {
				ALWAYS_SEARCH_USER_PATHS = NO;
				ASSETCATALOG_COMPILER_GENERATE_SWIFT_ASSET_SYMBOL_EXTENSIONS = YES;
				CLANG_ANALYZER_NONNULL = YES;
				CLANG_ANALYZER_NUMBER_OBJECT_CONVERSION = YES_AGGRESSIVE;
				CLANG_CXX_LANGUAGE_STANDARD = "gnu++20";
				CLANG_ENABLE_MODULES = YES;
				CLANG_ENABLE_OBJC_ARC = YES;
				CLANG_ENABLE_OBJC_WEAK = YES;
				CLANG_WARN_BLOCK_CAPTURE_AUTORELEASING = YES;
				CLANG_WARN_BOOL_CONVERSION = YES;
				CLANG_WARN_COMMA = YES;
				CLANG_WARN_CONSTANT_CONVERSION = YES;
				CLANG_WARN_DEPRECATED_OBJC_IMPLEMENTATIONS = YES;
				CLANG_WARN_DIRECT_OBJC_ISA_USAGE = YES_ERROR;
				CLANG_WARN_DOCUMENTATION_COMMENTS = YES;
				CLANG_WARN_EMPTY_BODY = YES;
				CLANG_WARN_ENUM_CONVERSION = YES;
				CLANG_WARN_INFINITE_RECURSION = YES;
				CLANG_WARN_INT_CONVERSION = YES;
				CLANG_WARN_NON_LITERAL_NULL_CONVERSION = YES;
				CLANG_WARN_OBJC_IMPLICIT_RETAIN_SELF = YES;
				CLANG_WARN_OBJC_LITERAL_CONVERSION = YES;
				CLANG_WARN_OBJC_ROOT_CLASS = YES_ERROR;
				CLANG_WARN_QUOTED_INCLUDE_IN_FRAMEWORK_HEADER = YES;
				CLANG_WARN_RANGE_LOOP_ANALYSIS = YES;
				CLANG_WARN_STRICT_PROTOTYPES = YES;
				CLANG_WARN_SUSPICIOUS_MOVE = YES;
				CLANG_WARN_UNGUARDED_AVAILABILITY = YES_AGGRESSIVE;
				CLANG_WARN_UNREACHABLE_CODE = YES;
				CLANG_WARN__DUPLICATE_METHOD_MATCH = YES;
				COPY_PHASE_STRIP = NO;
				DEBUG_INFORMATION_FORMAT = dwarf;
				ENABLE_STRICT_OBJC_MSGSEND = YES;
				ENABLE_TESTABILITY = YES;
				ENABLE_USER_SCRIPT_SANDBOXING = YES;
				GCC_C_LANGUAGE_STANDARD = gnu17;
				GCC_DYNAMIC_NO_PIC = NO;
				GCC_NO_COMMON_BLOCKS = YES;
				GCC_OPTIMIZATION_LEVEL = 0;
				GCC_PREPROCESSOR_DEFINITIONS = (
					"DEBUG=1",
					"$(inherited)",
				);
				GCC_WARN_64_TO_32_BIT_CONVERSION = YES;
				GCC_WARN_ABOUT_RETURN_TYPE = YES_ERROR;
				GCC_WARN_UNDECLARED_SELECTOR = YES;
				GCC_WARN_UNINITIALIZED_AUTOS = YES_AGGRESSIVE;
				GCC_WARN_UNUSED_FUNCTION = YES;
				GCC_WARN_UNUSED_VARIABLE = YES;
				IPHONEOS_DEPLOYMENT_TARGET = 17.0;
				LOCALIZATION_PREFERS_STRING_CATALOGS = YES;
				MTL_ENABLE_DEBUG_INFO = INCLUDE_SOURCE;
				MTL_FAST_MATH = YES;
				ONLY_ACTIVE_ARCH = YES;
				SDKROOT = iphoneos;
				SWIFT_ACTIVE_COMPILATION_CONDITIONS = "DEBUG $(inherited)";
				SWIFT_OPTIMIZATION_LEVEL = "-Onone";
			};
			name = Debug;
		};
		1405D1292ACF5B1D006EBEF1 /* Release */ = {
			isa = XCBuildConfiguration;
			buildSettings = {
				ALWAYS_SEARCH_USER_PATHS = NO;
				ASSETCATALOG_COMPILER_GENERATE_SWIFT_ASSET_SYMBOL_EXTENSIONS = YES;
				CLANG_ANALYZER_NONNULL = YES;
				CLANG_ANALYZER_NUMBER_OBJECT_CONVERSION = YES_AGGRESSIVE;
				CLANG_CXX_LANGUAGE_STANDARD = "gnu++20";
				CLANG_ENABLE_MODULES = YES;
				CLANG_ENABLE_OBJC_ARC = YES;
				CLANG_ENABLE_OBJC_WEAK = YES;
				CLANG_WARN_BLOCK_CAPTURE_AUTORELEASING = YES;
				CLANG_WARN_BOOL_CONVERSION = YES;
				CLANG_WARN_COMMA = YES;
				CLANG_WARN_CONSTANT_CONVERSION = YES;
				CLANG_WARN_DEPRECATED_OBJC_IMPLEMENTATIONS = YES;
				CLANG_WARN_DIRECT_OBJC_ISA_USAGE = YES_ERROR;
				CLANG_WARN_DOCUMENTATION_COMMENTS = YES;
				CLANG_WARN_EMPTY_BODY = YES;
				CLANG_WARN_ENUM_CONVERSION = YES;
				CLANG_WARN_INFINITE_RECURSION = YES;
				CLANG_WARN_INT_CONVERSION = YES;
				CLANG_WARN_NON_LITERAL_NULL_CONVERSION = YES;
				CLANG_WARN_OBJC_IMPLICIT_RETAIN_SELF = YES;
				CLANG_WARN_OBJC_LITERAL_CONVERSION = YES;
				CLANG_WARN_OBJC_ROOT_CLASS = YES_ERROR;
				CLANG_WARN_QUOTED_INCLUDE_IN_FRAMEWORK_HEADER = YES;
				CLANG_WARN_RANGE_LOOP_ANALYSIS = YES;
				CLANG_WARN_STRICT_PROTOTYPES = YES;
				CLANG_WARN_SUSPICIOUS_MOVE = YES;
				CLANG_WARN_UNGUARDED_AVAILABILITY = YES_AGGRESSIVE;
				CLANG_WARN_UNREACHABLE_CODE = YES;
				CLANG_WARN__DUPLICATE_METHOD_MATCH = YES;
				COPY_PHASE_STRIP = NO;
				DEBUG_INFORMATION_FORMAT = "dwarf-with-dsym";
				ENABLE_NS_ASSERTIONS = NO;
				ENABLE_STRICT_OBJC_MSGSEND = YES;
				ENABLE_USER_SCRIPT_SANDBOXING = YES;
				GCC_C_LANGUAGE_STANDARD = gnu17;
				GCC_NO_COMMON_BLOCKS = YES;
				GCC_WARN_64_TO_32_BIT_CONVERSION = YES;
				GCC_WARN_ABOUT_RETURN_TYPE = YES_ERROR;
				GCC_WARN_UNDECLARED_SELECTOR = YES;
				GCC_WARN_UNINITIALIZED_AUTOS = YES_AGGRESSIVE;
				GCC_WARN_UNUSED_FUNCTION = YES;
				GCC_WARN_UNUSED_VARIABLE = YES;
				IPHONEOS_DEPLOYMENT_TARGET = 17.0;
				LOCALIZATION_PREFERS_STRING_CATALOGS = YES;
				MTL_ENABLE_DEBUG_INFO = NO;
				MTL_FAST_MATH = YES;
				SDKROOT = iphoneos;
				SWIFT_COMPILATION_MODE = wholemodule;
				VALIDATE_PRODUCT = YES;
			};
			name = Release;
		};
		1405D12B2ACF5B1D006EBEF1 /* Debug */ = {
			isa = XCBuildConfiguration;
			buildSettings = {
				ASSETCATALOG_COMPILER_APPICON_NAME = AppIcon;
				ASSETCATALOG_COMPILER_GLOBAL_ACCENT_COLOR_NAME = AccentColor;
				CODE_SIGN_STYLE = Automatic;
				CURRENT_PROJECT_VERSION = 1;
				DEVELOPMENT_ASSET_PATHS = "\"pax-app-ios/Preview Content\"";
				ENABLE_PREVIEWS = YES;
				GENERATE_INFOPLIST_FILE = YES;
				INFOPLIST_KEY_UIApplicationSceneManifest_Generation = YES;
				INFOPLIST_KEY_UIApplicationSupportsIndirectInputEvents = YES;
				INFOPLIST_KEY_UILaunchScreen_Generation = YES;
				INFOPLIST_KEY_UISupportedInterfaceOrientations_iPad = "UIInterfaceOrientationPortrait UIInterfaceOrientationPortraitUpsideDown UIInterfaceOrientationLandscapeLeft UIInterfaceOrientationLandscapeRight";
				INFOPLIST_KEY_UISupportedInterfaceOrientations_iPhone = "UIInterfaceOrientationPortrait UIInterfaceOrientationLandscapeLeft UIInterfaceOrientationLandscapeRight";
				LD_RUNPATH_SEARCH_PATHS = (
					"$(inherited)",
					"@executable_path/Frameworks",
				);
				MARKETING_VERSION = 1.0;
				PRODUCT_BUNDLE_IDENTIFIER = "dev.pax.pax-app-ios";
				PRODUCT_NAME = "$(TARGET_NAME)";
				SWIFT_EMIT_LOC_STRINGS = YES;
				SWIFT_VERSION = 5.0;
				TARGETED_DEVICE_FAMILY = "1,2";
			};
			name = Debug;
		};
		1405D12C2ACF5B1D006EBEF1 /* Release */ = {
			isa = XCBuildConfiguration;
			buildSettings = {
				ASSETCATALOG_COMPILER_APPICON_NAME = AppIcon;
				ASSETCATALOG_COMPILER_GLOBAL_ACCENT_COLOR_NAME = AccentColor;
				CODE_SIGN_STYLE = Automatic;
				CURRENT_PROJECT_VERSION = 1;
				DEVELOPMENT_ASSET_PATHS = "\"pax-app-ios/Preview Content\"";
				ENABLE_PREVIEWS = YES;
				GENERATE_INFOPLIST_FILE = YES;
				INFOPLIST_KEY_UIApplicationSceneManifest_Generation = YES;
				INFOPLIST_KEY_UIApplicationSupportsIndirectInputEvents = YES;
				INFOPLIST_KEY_UILaunchScreen_Generation = YES;
				INFOPLIST_KEY_UISupportedInterfaceOrientations_iPad = "UIInterfaceOrientationPortrait UIInterfaceOrientationPortraitUpsideDown UIInterfaceOrientationLandscapeLeft UIInterfaceOrientationLandscapeRight";
				INFOPLIST_KEY_UISupportedInterfaceOrientations_iPhone = "UIInterfaceOrientationPortrait UIInterfaceOrientationLandscapeLeft UIInterfaceOrientationLandscapeRight";
				LD_RUNPATH_SEARCH_PATHS = (
					"$(inherited)",
					"@executable_path/Frameworks",
				);
				MARKETING_VERSION = 1.0;
				PRODUCT_BUNDLE_IDENTIFIER = "dev.pax.pax-app-ios";
				PRODUCT_NAME = "$(TARGET_NAME)";
				SWIFT_EMIT_LOC_STRINGS = YES;
				SWIFT_VERSION = 5.0;
				TARGETED_DEVICE_FAMILY = "1,2";
			};
			name = Release;
		};
/* End XCBuildConfiguration section */

/* Begin XCConfigurationList section */
		1405D1172ACF5B1C006EBEF1 /* Build configuration list for PBXProject "pax-app-ios" */ = {
			isa = XCConfigurationList;
			buildConfigurations = (
				1405D1282ACF5B1D006EBEF1 /* Debug */,
				1405D1292ACF5B1D006EBEF1 /* Release */,
			);
			defaultConfigurationIsVisible = 0;
			defaultConfigurationName = Release;
		};
		1405D12A2ACF5B1D006EBEF1 /* Build configuration list for PBXNativeTarget "pax-app-ios" */ = {
			isa = XCConfigurationList;
			buildConfigurations = (
				1405D12B2ACF5B1D006EBEF1 /* Debug */,
				1405D12C2ACF5B1D006EBEF1 /* Release */,
			);
			defaultConfigurationIsVisible = 0;
			defaultConfigurationName = Release;
		};
/* End XCConfigurationList section */

/* Begin XCLocalSwiftPackageReference section */
		1405D12D2ACF5B58006EBEF1 /* XCLocalSwiftPackageReference "../../../pax-chassis-common/pax-swift-cartridge" */ = {
			isa = XCLocalSwiftPackageReference;
			relativePath = "../../../pax-chassis-common/pax-swift-cartridge";
		};
		1405D1322ACF5B6C006EBEF1 /* XCLocalSwiftPackageReference "../../../pax-chassis-common/pax-swift-common" */ = {
			isa = XCLocalSwiftPackageReference;
			relativePath = "../../../pax-chassis-common/pax-swift-common";
		};
/* End XCLocalSwiftPackageReference section */

/* Begin XCSwiftPackageProductDependency section */
		1405D12E2ACF5B58006EBEF1 /* PaxCartridge */ = {
			isa = XCSwiftPackageProductDependency;
			productName = PaxCartridge;
		};
		1405D1302ACF5B58006EBEF1 /* PaxCartridgeAssets */ = {
			isa = XCSwiftPackageProductDependency;
			productName = PaxCartridgeAssets;
		};
		1405D1332ACF5B6C006EBEF1 /* FlexBuffers */ = {
			isa = XCSwiftPackageProductDependency;
			productName = FlexBuffers;
		};
		1405D1352ACF5B6C006EBEF1 /* Messages */ = {
			isa = XCSwiftPackageProductDependency;
			productName = Messages;
		};
		1405D1372ACF5B6C006EBEF1 /* Rendering */ = {
			isa = XCSwiftPackageProductDependency;
			productName = Rendering;
		};
/* End XCSwiftPackageProductDependency section */
	};
	rootObject = 1405D1142ACF5B1C006EBEF1 /* Project object */;
}
